// !$*UTF8*$!
{
	archiveVersion = 1;
	classes = {
	};
	objectVersion = 45;
	objects = {

/* Begin PBXAggregateTarget section */
		F5BBC17B1062EF1000EF21A8 /* Tests */ = {
			isa = PBXAggregateTarget;
			buildConfigurationList = F5BBC1811062EF5E00EF21A8 /* Build configuration list for PBXAggregateTarget "Tests" */;
			buildPhases = (
				F5BBC17A1062EF1000EF21A8 /* ShellScript */,
			);
			dependencies = (
				F5BBC17F1062EF2800EF21A8 /* PBXTargetDependency */,
			);
			name = Tests;
			productName = Tests;
		};
/* End PBXAggregateTarget section */

/* Begin PBXBuildFile section */
		8DC2EF530486A6940098B216 /* InfoPlist.strings in Resources */ = {isa = PBXBuildFile; fileRef = 089C1666FE841158C02AAC07 /* InfoPlist.strings */; };
		F599A8D1105EFCE8003CD1C0 /* GITRepo.h in Headers */ = {isa = PBXBuildFile; fileRef = F599A8CF105EFCE8003CD1C0 /* GITRepo.h */; };
		F599A8D2105EFCE8003CD1C0 /* GITRepo.m in Sources */ = {isa = PBXBuildFile; fileRef = F599A8D0105EFCE8003CD1C0 /* GITRepo.m */; };
		F599A9FB10601ECA003CD1C0 /* Foundation.framework in Frameworks */ = {isa = PBXBuildFile; fileRef = F599A9FA10601ECA003CD1C0 /* Foundation.framework */; };
		F599AA971060264D003CD1C0 /* assertions.h in Headers */ = {isa = PBXBuildFile; fileRef = F599AA8C1060264D003CD1C0 /* assertions.h */; };
		F599AA981060264D003CD1C0 /* assertions.m in Sources */ = {isa = PBXBuildFile; fileRef = F599AA8D1060264D003CD1C0 /* assertions.m */; };
		F599AA991060264D003CD1C0 /* NSError-OBExtensions.h in Headers */ = {isa = PBXBuildFile; fileRef = F599AA8E1060264D003CD1C0 /* NSError-OBExtensions.h */; };
		F599AA9A1060264D003CD1C0 /* NSError-OBExtensions.m in Sources */ = {isa = PBXBuildFile; fileRef = F599AA8F1060264D003CD1C0 /* NSError-OBExtensions.m */; };
		F599AA9B1060264D003CD1C0 /* OBBacktraceBuffer.h in Headers */ = {isa = PBXBuildFile; fileRef = F599AA901060264D003CD1C0 /* OBBacktraceBuffer.h */; };
		F599AA9C1060264D003CD1C0 /* OBBacktraceBuffer.m in Sources */ = {isa = PBXBuildFile; fileRef = F599AA911060264D003CD1C0 /* OBBacktraceBuffer.m */; };
		F599AA9D1060264D003CD1C0 /* OBError.h in Headers */ = {isa = PBXBuildFile; fileRef = F599AA921060264D003CD1C0 /* OBError.h */; };
		F599AA9E1060264D003CD1C0 /* OBError.m in Sources */ = {isa = PBXBuildFile; fileRef = F599AA931060264D003CD1C0 /* OBError.m */; };
		F599AA9F1060264D003CD1C0 /* objc.h in Headers */ = {isa = PBXBuildFile; fileRef = F599AA941060264D003CD1C0 /* objc.h */; };
		F599AAA01060264D003CD1C0 /* OBUtilities.h in Headers */ = {isa = PBXBuildFile; fileRef = F599AA951060264D003CD1C0 /* OBUtilities.h */; };
		F599AAA11060264D003CD1C0 /* OBUtilities.m in Sources */ = {isa = PBXBuildFile; fileRef = F599AA961060264D003CD1C0 /* OBUtilities.m */; };
		F599AAA6106026ED003CD1C0 /* GITError.h in Headers */ = {isa = PBXBuildFile; fileRef = F599AAA4106026ED003CD1C0 /* GITError.h */; };
		F599AAA7106026ED003CD1C0 /* GITError.m in Sources */ = {isa = PBXBuildFile; fileRef = F599AAA5106026ED003CD1C0 /* GITError.m */; };
		F5AC4DEF106C501D0083212A /* NSData+Searching.h in Headers */ = {isa = PBXBuildFile; fileRef = F5AC4DED106C501D0083212A /* NSData+Searching.h */; };
		F5AC4DF0106C501D0083212A /* NSData+Searching.m in Sources */ = {isa = PBXBuildFile; fileRef = F5AC4DEE106C501D0083212A /* NSData+Searching.m */; };
		F5BBC1A61063753400EF21A8 /* GITRefResolver.h in Headers */ = {isa = PBXBuildFile; fileRef = F5BBC1A41063753400EF21A8 /* GITRefResolver.h */; };
		F5BBC1A71063753400EF21A8 /* GITRefResolver.m in Sources */ = {isa = PBXBuildFile; fileRef = F5BBC1A51063753400EF21A8 /* GITRefResolver.m */; };
		F5BBC1DE10659C3100EF21A8 /* GITRef.h in Headers */ = {isa = PBXBuildFile; fileRef = F5BBC1DC10659C3100EF21A8 /* GITRef.h */; };
		F5BBC1DF10659C3100EF21A8 /* GITRef.m in Sources */ = {isa = PBXBuildFile; fileRef = F5BBC1DD10659C3100EF21A8 /* GITRef.m */; };
/* End PBXBuildFile section */

/* Begin PBXContainerItemProxy section */
		F5BBC17E1062EF2800EF21A8 /* PBXContainerItemProxy */ = {
			isa = PBXContainerItemProxy;
			containerPortal = 0867D690FE84028FC02AAC07 /* Project object */;
			proxyType = 1;
			remoteGlobalIDString = 8DC2EF4F0486A6940098B216;
			remoteInfo = Git;
		};
/* End PBXContainerItemProxy section */

/* Begin PBXFileReference section */
		089C1667FE841158C02AAC07 /* InfoPlist.strings */ = {isa = PBXFileReference; fileEncoding = 4; lastKnownFileType = text.plist.strings; name = InfoPlist.strings; path = Resource/English.lproj/InfoPlist.strings; sourceTree = "<group>"; };
		32DBCF5E0370ADEE00C91783 /* Git_Prefix.pch */ = {isa = PBXFileReference; fileEncoding = 4; lastKnownFileType = sourcecode.c.h; name = Git_Prefix.pch; path = Source/Git_Prefix.pch; sourceTree = "<group>"; };
		8DC2EF5A0486A6940098B216 /* Info.plist */ = {isa = PBXFileReference; fileEncoding = 4; lastKnownFileType = text.plist.xml; name = Info.plist; path = Resource/Info.plist; sourceTree = "<group>"; };
		8DC2EF5B0486A6940098B216 /* Git.framework */ = {isa = PBXFileReference; explicitFileType = wrapper.framework; includeInIndex = 0; path = Git.framework; sourceTree = BUILT_PRODUCTS_DIR; };
		F599A8CF105EFCE8003CD1C0 /* GITRepo.h */ = {isa = PBXFileReference; fileEncoding = 4; lastKnownFileType = sourcecode.c.h; name = GITRepo.h; path = Source/GITRepo.h; sourceTree = "<group>"; };
		F599A8D0105EFCE8003CD1C0 /* GITRepo.m */ = {isa = PBXFileReference; fileEncoding = 4; lastKnownFileType = sourcecode.c.objc; name = GITRepo.m; path = Source/GITRepo.m; sourceTree = "<group>"; };
		F599A9FA10601ECA003CD1C0 /* Foundation.framework */ = {isa = PBXFileReference; lastKnownFileType = wrapper.framework; name = Foundation.framework; path = System/Library/Frameworks/Foundation.framework; sourceTree = SDKROOT; };
		F599AA8C1060264D003CD1C0 /* assertions.h */ = {isa = PBXFileReference; fileEncoding = 4; lastKnownFileType = sourcecode.c.h; path = assertions.h; sourceTree = "<group>"; };
		F599AA8D1060264D003CD1C0 /* assertions.m */ = {isa = PBXFileReference; fileEncoding = 4; lastKnownFileType = sourcecode.c.objc; path = assertions.m; sourceTree = "<group>"; };
		F599AA8E1060264D003CD1C0 /* NSError-OBExtensions.h */ = {isa = PBXFileReference; fileEncoding = 4; lastKnownFileType = sourcecode.c.h; path = "NSError-OBExtensions.h"; sourceTree = "<group>"; };
		F599AA8F1060264D003CD1C0 /* NSError-OBExtensions.m */ = {isa = PBXFileReference; fileEncoding = 4; lastKnownFileType = sourcecode.c.objc; path = "NSError-OBExtensions.m"; sourceTree = "<group>"; };
		F599AA901060264D003CD1C0 /* OBBacktraceBuffer.h */ = {isa = PBXFileReference; fileEncoding = 4; lastKnownFileType = sourcecode.c.h; path = OBBacktraceBuffer.h; sourceTree = "<group>"; };
		F599AA911060264D003CD1C0 /* OBBacktraceBuffer.m */ = {isa = PBXFileReference; fileEncoding = 4; lastKnownFileType = sourcecode.c.objc; path = OBBacktraceBuffer.m; sourceTree = "<group>"; };
		F599AA921060264D003CD1C0 /* OBError.h */ = {isa = PBXFileReference; fileEncoding = 4; lastKnownFileType = sourcecode.c.h; path = OBError.h; sourceTree = "<group>"; };
		F599AA931060264D003CD1C0 /* OBError.m */ = {isa = PBXFileReference; fileEncoding = 4; lastKnownFileType = sourcecode.c.objc; path = OBError.m; sourceTree = "<group>"; };
		F599AA941060264D003CD1C0 /* objc.h */ = {isa = PBXFileReference; fileEncoding = 4; lastKnownFileType = sourcecode.c.h; path = objc.h; sourceTree = "<group>"; };
		F599AA951060264D003CD1C0 /* OBUtilities.h */ = {isa = PBXFileReference; fileEncoding = 4; lastKnownFileType = sourcecode.c.h; path = OBUtilities.h; sourceTree = "<group>"; };
		F599AA961060264D003CD1C0 /* OBUtilities.m */ = {isa = PBXFileReference; fileEncoding = 4; lastKnownFileType = sourcecode.c.objc; path = OBUtilities.m; sourceTree = "<group>"; };
		F599AAA4106026ED003CD1C0 /* GITError.h */ = {isa = PBXFileReference; fileEncoding = 4; lastKnownFileType = sourcecode.c.h; name = GITError.h; path = Source/GITError.h; sourceTree = "<group>"; };
		F599AAA5106026ED003CD1C0 /* GITError.m */ = {isa = PBXFileReference; fileEncoding = 4; lastKnownFileType = sourcecode.c.objc; name = GITError.m; path = Source/GITError.m; sourceTree = "<group>"; };
		F5AC4DED106C501D0083212A /* NSData+Searching.h */ = {isa = PBXFileReference; fileEncoding = 4; lastKnownFileType = sourcecode.c.h; name = "NSData+Searching.h"; path = "Source/Category/NSData/NSData+Searching.h"; sourceTree = "<group>"; };
		F5AC4DEE106C501D0083212A /* NSData+Searching.m */ = {isa = PBXFileReference; fileEncoding = 4; lastKnownFileType = sourcecode.c.objc; name = "NSData+Searching.m"; path = "Source/Category/NSData/NSData+Searching.m"; sourceTree = "<group>"; };
		F5AC4E31107179770083212A /* GITRefResolver.rb */ = {isa = PBXFileReference; fileEncoding = 4; lastKnownFileType = text.script.ruby; path = GITRefResolver.rb; sourceTree = "<group>"; };
		F5AC4E4C1072BF940083212A /* GITRef.rb */ = {isa = PBXFileReference; fileEncoding = 4; lastKnownFileType = text.script.ruby; path = GITRef.rb; sourceTree = "<group>"; };
		F5BBC1901062F02500EF21A8 /* GITError.rb */ = {isa = PBXFileReference; fileEncoding = 4; lastKnownFileType = text.script.ruby; path = GITError.rb; sourceTree = "<group>"; };
		F5BBC1921062F02500EF21A8 /* repos.dmg */ = {isa = PBXFileReference; lastKnownFileType = file; path = repos.dmg; sourceTree = "<group>"; };
		F5BBC1931062F02500EF21A8 /* TestHelper.rb */ = {isa = PBXFileReference; fileEncoding = 4; lastKnownFileType = text.script.ruby; path = TestHelper.rb; sourceTree = "<group>"; };
		F5BBC1951062F02500EF21A8 /* GITRepo.rb */ = {isa = PBXFileReference; fileEncoding = 4; lastKnownFileType = text.script.ruby; path = GITRepo.rb; sourceTree = "<group>"; };
		F5BBC1A41063753400EF21A8 /* GITRefResolver.h */ = {isa = PBXFileReference; fileEncoding = 4; lastKnownFileType = sourcecode.c.h; name = GITRefResolver.h; path = Source/Refs/GITRefResolver.h; sourceTree = "<group>"; };
		F5BBC1A51063753400EF21A8 /* GITRefResolver.m */ = {isa = PBXFileReference; fileEncoding = 4; lastKnownFileType = sourcecode.c.objc; name = GITRefResolver.m; path = Source/Refs/GITRefResolver.m; sourceTree = "<group>"; };
		F5BBC1DC10659C3100EF21A8 /* GITRef.h */ = {isa = PBXFileReference; fileEncoding = 4; lastKnownFileType = sourcecode.c.h; name = GITRef.h; path = Source/Refs/GITRef.h; sourceTree = "<group>"; };
		F5BBC1DD10659C3100EF21A8 /* GITRef.m */ = {isa = PBXFileReference; fileEncoding = 4; lastKnownFileType = sourcecode.c.objc; name = GITRef.m; path = Source/Refs/GITRef.m; sourceTree = "<group>"; };
/* End PBXFileReference section */

/* Begin PBXFrameworksBuildPhase section */
		8DC2EF560486A6940098B216 /* Frameworks */ = {
			isa = PBXFrameworksBuildPhase;
			buildActionMask = 2147483647;
			files = (
				F599A9FB10601ECA003CD1C0 /* Foundation.framework in Frameworks */,
			);
			runOnlyForDeploymentPostprocessing = 0;
		};
/* End PBXFrameworksBuildPhase section */

/* Begin PBXGroup section */
		034768DFFF38A50411DB9C8B /* Products */ = {
			isa = PBXGroup;
			children = (
				8DC2EF5B0486A6940098B216 /* Git.framework */,
			);
			name = Products;
			sourceTree = "<group>";
		};
		0867D691FE84028FC02AAC07 /* Git */ = {
			isa = PBXGroup;
			children = (
				F5BBC18E1062F02500EF21A8 /* Test */,
				08FB77AEFE84172EC02AAC07 /* Classes */,
				32C88DFF0371C24200C91783 /* Other Sources */,
				089C1665FE841158C02AAC07 /* Resources */,
				0867D69AFE84028FC02AAC07 /* External Frameworks and Libraries */,
				034768DFFF38A50411DB9C8B /* Products */,
				F599A8FB10601E9E003CD1C0 /* Vendor */,
			);
			name = Git;
			sourceTree = "<group>";
		};
		0867D69AFE84028FC02AAC07 /* External Frameworks and Libraries */ = {
			isa = PBXGroup;
			children = (
				1058C7B0FEA5585E11CA2CBB /* Linked Frameworks */,
				1058C7B2FEA5585E11CA2CBB /* Other Frameworks */,
			);
			name = "External Frameworks and Libraries";
			sourceTree = "<group>";
		};
		089C1665FE841158C02AAC07 /* Resources */ = {
			isa = PBXGroup;
			children = (
				8DC2EF5A0486A6940098B216 /* Info.plist */,
				089C1666FE841158C02AAC07 /* InfoPlist.strings */,
			);
			name = Resources;
			sourceTree = "<group>";
		};
		08FB77AEFE84172EC02AAC07 /* Classes */ = {
			isa = PBXGroup;
			children = (
				F599A8CF105EFCE8003CD1C0 /* GITRepo.h */,
				F599A8D0105EFCE8003CD1C0 /* GITRepo.m */,
				F5BBC1A41063753400EF21A8 /* GITRefResolver.h */,
				F5BBC1A51063753400EF21A8 /* GITRefResolver.m */,
				F5BBC1DC10659C3100EF21A8 /* GITRef.h */,
				F5BBC1DD10659C3100EF21A8 /* GITRef.m */,
			);
			name = Classes;
			sourceTree = "<group>";
		};
		1058C7B0FEA5585E11CA2CBB /* Linked Frameworks */ = {
			isa = PBXGroup;
			children = (
				F599A9FA10601ECA003CD1C0 /* Foundation.framework */,
			);
			name = "Linked Frameworks";
			sourceTree = "<group>";
		};
		1058C7B2FEA5585E11CA2CBB /* Other Frameworks */ = {
			isa = PBXGroup;
			children = (
			);
			name = "Other Frameworks";
			sourceTree = "<group>";
		};
		32C88DFF0371C24200C91783 /* Other Sources */ = {
			isa = PBXGroup;
			children = (
				F5AC4DEC106C50040083212A /* Category */,
				32DBCF5E0370ADEE00C91783 /* Git_Prefix.pch */,
				F599AAA4106026ED003CD1C0 /* GITError.h */,
				F599AAA5106026ED003CD1C0 /* GITError.m */,
			);
			name = "Other Sources";
			sourceTree = "<group>";
		};
		F599A8FB10601E9E003CD1C0 /* Vendor */ = {
			isa = PBXGroup;
			children = (
				F599AA7D10601EE2003CD1C0 /* OmniGroup */,
			);
			name = Vendor;
			sourceTree = "<group>";
		};
		F599AA7D10601EE2003CD1C0 /* OmniGroup */ = {
			isa = PBXGroup;
			children = (
				F599AA8B1060264D003CD1C0 /* OmniBase */,
			);
			name = OmniGroup;
			sourceTree = "<group>";
		};
		F599AA8B1060264D003CD1C0 /* OmniBase */ = {
			isa = PBXGroup;
			children = (
				F599AA8C1060264D003CD1C0 /* assertions.h */,
				F599AA8D1060264D003CD1C0 /* assertions.m */,
				F599AA8E1060264D003CD1C0 /* NSError-OBExtensions.h */,
				F599AA8F1060264D003CD1C0 /* NSError-OBExtensions.m */,
				F599AA901060264D003CD1C0 /* OBBacktraceBuffer.h */,
				F599AA911060264D003CD1C0 /* OBBacktraceBuffer.m */,
				F599AA921060264D003CD1C0 /* OBError.h */,
				F599AA931060264D003CD1C0 /* OBError.m */,
				F599AA941060264D003CD1C0 /* objc.h */,
				F599AA951060264D003CD1C0 /* OBUtilities.h */,
				F599AA961060264D003CD1C0 /* OBUtilities.m */,
			);
			name = OmniBase;
			path = Source/Vendor/OmniGroup/OmniBase;
			sourceTree = "<group>";
		};
		F5AC4DEC106C50040083212A /* Category */ = {
			isa = PBXGroup;
			children = (
				F5AC4DF1106C50230083212A /* NSData */,
			);
			name = Category;
			sourceTree = "<group>";
		};
		F5AC4DF1106C50230083212A /* NSData */ = {
			isa = PBXGroup;
			children = (
				F5AC4DED106C501D0083212A /* NSData+Searching.h */,
				F5AC4DEE106C501D0083212A /* NSData+Searching.m */,
			);
			name = NSData;
			sourceTree = "<group>";
		};
		F5BBC18E1062F02500EF21A8 /* Test */ = {
			isa = PBXGroup;
			children = (
				F5BBC18F1062F02500EF21A8 /* Helpers */,
				F5BBC1911062F02500EF21A8 /* Resource */,
				F5BBC1931062F02500EF21A8 /* TestHelper.rb */,
				F5BBC1941062F02500EF21A8 /* Unit */,
			);
			path = Test;
			sourceTree = "<group>";
		};
		F5BBC18F1062F02500EF21A8 /* Helpers */ = {
			isa = PBXGroup;
			children = (
				F5BBC1901062F02500EF21A8 /* GITError.rb */,
			);
			path = Helpers;
			sourceTree = "<group>";
		};
		F5BBC1911062F02500EF21A8 /* Resource */ = {
			isa = PBXGroup;
			children = (
				F5BBC1921062F02500EF21A8 /* repos.dmg */,
			);
			path = Resource;
			sourceTree = "<group>";
		};
		F5BBC1941062F02500EF21A8 /* Unit */ = {
			isa = PBXGroup;
			children = (
				F5AC4E4C1072BF940083212A /* GITRef.rb */,
				F5AC4E31107179770083212A /* GITRefResolver.rb */,
				F5BBC1951062F02500EF21A8 /* GITRepo.rb */,
			);
			path = Unit;
			sourceTree = "<group>";
		};
/* End PBXGroup section */

/* Begin PBXHeadersBuildPhase section */
		8DC2EF500486A6940098B216 /* Headers */ = {
			isa = PBXHeadersBuildPhase;
			buildActionMask = 2147483647;
			files = (
				F599A8D1105EFCE8003CD1C0 /* GITRepo.h in Headers */,
				F599AA971060264D003CD1C0 /* assertions.h in Headers */,
				F599AA991060264D003CD1C0 /* NSError-OBExtensions.h in Headers */,
				F599AA9B1060264D003CD1C0 /* OBBacktraceBuffer.h in Headers */,
				F599AA9D1060264D003CD1C0 /* OBError.h in Headers */,
				F599AA9F1060264D003CD1C0 /* objc.h in Headers */,
				F599AAA01060264D003CD1C0 /* OBUtilities.h in Headers */,
				F599AAA6106026ED003CD1C0 /* GITError.h in Headers */,
				F5BBC1A61063753400EF21A8 /* GITRefResolver.h in Headers */,
				F5BBC1DE10659C3100EF21A8 /* GITRef.h in Headers */,
				F5AC4DEF106C501D0083212A /* NSData+Searching.h in Headers */,
			);
			runOnlyForDeploymentPostprocessing = 0;
		};
/* End PBXHeadersBuildPhase section */

/* Begin PBXNativeTarget section */
		8DC2EF4F0486A6940098B216 /* Git */ = {
			isa = PBXNativeTarget;
			buildConfigurationList = 1DEB91AD08733DA50010E9CD /* Build configuration list for PBXNativeTarget "Git" */;
			buildPhases = (
				8DC2EF500486A6940098B216 /* Headers */,
				8DC2EF520486A6940098B216 /* Resources */,
				8DC2EF540486A6940098B216 /* Sources */,
				8DC2EF560486A6940098B216 /* Frameworks */,
			);
			buildRules = (
			);
			dependencies = (
			);
			name = Git;
			productInstallPath = "$(HOME)/Library/Frameworks";
			productName = Git;
			productReference = 8DC2EF5B0486A6940098B216 /* Git.framework */;
			productType = "com.apple.product-type.framework";
		};
/* End PBXNativeTarget section */

/* Begin PBXProject section */
		0867D690FE84028FC02AAC07 /* Project object */ = {
			isa = PBXProject;
			attributes = {
				ORGANIZATIONNAME = "Geoff Garside";
			};
			buildConfigurationList = 1DEB91B108733DA50010E9CD /* Build configuration list for PBXProject "Git" */;
			compatibilityVersion = "Xcode 3.1";
			hasScannedForEncodings = 1;
			mainGroup = 0867D691FE84028FC02AAC07 /* Git */;
			productRefGroup = 034768DFFF38A50411DB9C8B /* Products */;
			projectDirPath = "";
			projectRoot = "";
			targets = (
				8DC2EF4F0486A6940098B216 /* Git */,
				F5BBC17B1062EF1000EF21A8 /* Tests */,
			);
		};
/* End PBXProject section */

/* Begin PBXResourcesBuildPhase section */
		8DC2EF520486A6940098B216 /* Resources */ = {
			isa = PBXResourcesBuildPhase;
			buildActionMask = 2147483647;
			files = (
				8DC2EF530486A6940098B216 /* InfoPlist.strings in Resources */,
			);
			runOnlyForDeploymentPostprocessing = 0;
		};
/* End PBXResourcesBuildPhase section */

/* Begin PBXShellScriptBuildPhase section */
		F5BBC17A1062EF1000EF21A8 /* ShellScript */ = {
			isa = PBXShellScriptBuildPhase;
			buildActionMask = 2147483647;
			files = (
			);
			inputPaths = (
			);
			outputPaths = (
			);
			runOnlyForDeploymentPostprocessing = 0;
			shellPath = /usr/local/bin/macruby;
			shellScript = "Dir['Test/Unit/*.rb'].each do |testfile|\n  load testfile\nend\n";
		};
/* End PBXShellScriptBuildPhase section */

/* Begin PBXSourcesBuildPhase section */
		8DC2EF540486A6940098B216 /* Sources */ = {
			isa = PBXSourcesBuildPhase;
			buildActionMask = 2147483647;
			files = (
				F599A8D2105EFCE8003CD1C0 /* GITRepo.m in Sources */,
				F599AA981060264D003CD1C0 /* assertions.m in Sources */,
				F599AA9A1060264D003CD1C0 /* NSError-OBExtensions.m in Sources */,
				F599AA9C1060264D003CD1C0 /* OBBacktraceBuffer.m in Sources */,
				F599AA9E1060264D003CD1C0 /* OBError.m in Sources */,
				F599AAA11060264D003CD1C0 /* OBUtilities.m in Sources */,
				F599AAA7106026ED003CD1C0 /* GITError.m in Sources */,
				F5BBC1A71063753400EF21A8 /* GITRefResolver.m in Sources */,
				F5BBC1DF10659C3100EF21A8 /* GITRef.m in Sources */,
				F5AC4DF0106C501D0083212A /* NSData+Searching.m in Sources */,
			);
			runOnlyForDeploymentPostprocessing = 0;
		};
/* End PBXSourcesBuildPhase section */

/* Begin PBXTargetDependency section */
		F5BBC17F1062EF2800EF21A8 /* PBXTargetDependency */ = {
			isa = PBXTargetDependency;
			target = 8DC2EF4F0486A6940098B216 /* Git */;
			targetProxy = F5BBC17E1062EF2800EF21A8 /* PBXContainerItemProxy */;
		};
/* End PBXTargetDependency section */

/* Begin PBXVariantGroup section */
		089C1666FE841158C02AAC07 /* InfoPlist.strings */ = {
			isa = PBXVariantGroup;
			children = (
				089C1667FE841158C02AAC07 /* InfoPlist.strings */,
			);
			name = InfoPlist.strings;
			sourceTree = "<group>";
		};
/* End PBXVariantGroup section */

/* Begin XCBuildConfiguration section */
		1DEB91AE08733DA50010E9CD /* Debug */ = {
			isa = XCBuildConfiguration;
			buildSettings = {
				ALWAYS_SEARCH_USER_PATHS = NO;
				COPY_PHASE_STRIP = NO;
				DYLIB_COMPATIBILITY_VERSION = 1;
				DYLIB_CURRENT_VERSION = 1;
				FRAMEWORK_VERSION = A;
				GCC_DYNAMIC_NO_PIC = NO;
				GCC_ENABLE_FIX_AND_CONTINUE = YES;
				GCC_MODEL_TUNING = G5;
				GCC_OPTIMIZATION_LEVEL = 0;
				GCC_PRECOMPILE_PREFIX_HEADER = YES;
				GCC_PREFIX_HEADER = Source/Git_Prefix.pch;
				INFOPLIST_FILE = Resource/Info.plist;
				INSTALL_PATH = "$(HOME)/Library/Frameworks";
				PRODUCT_NAME = Git;
				WRAPPER_EXTENSION = framework;
			};
			name = Debug;
		};
		1DEB91AF08733DA50010E9CD /* Release */ = {
			isa = XCBuildConfiguration;
			buildSettings = {
				ALWAYS_SEARCH_USER_PATHS = NO;
				DEBUG_INFORMATION_FORMAT = "dwarf-with-dsym";
				DYLIB_COMPATIBILITY_VERSION = 1;
				DYLIB_CURRENT_VERSION = 1;
				FRAMEWORK_VERSION = A;
				GCC_MODEL_TUNING = G5;
				GCC_PRECOMPILE_PREFIX_HEADER = YES;
				GCC_PREFIX_HEADER = Git_Prefix.pch;
				INFOPLIST_FILE = Info.plist;
				INSTALL_PATH = "$(HOME)/Library/Frameworks";
				PRODUCT_NAME = Git;
				WRAPPER_EXTENSION = framework;
			};
			name = Release;
		};
		1DEB91B208733DA50010E9CD /* Debug */ = {
			isa = XCBuildConfiguration;
			buildSettings = {
				ARCHS = "$(ARCHS_STANDARD_32_64_BIT)";
				EXCLUDED_RECURSIVE_SEARCH_PATH_SUBDIRECTORIES = "*.nib *.lproj *.framework *.gch *.xcode* (*) CVS .svn .git";
				GCC_C_LANGUAGE_STANDARD = gnu99;
				GCC_ENABLE_OBJC_GC = supported;
				GCC_OPTIMIZATION_LEVEL = 0;
				GCC_VERSION = com.apple.compilers.llvmgcc42;
				GCC_WARN_ABOUT_RETURN_TYPE = YES;
				GCC_WARN_UNUSED_VARIABLE = YES;
				ONLY_ACTIVE_ARCH = YES;
				PREBINDING = NO;
				SDKROOT = macosx10.6;
			};
			name = Debug;
		};
		1DEB91B308733DA50010E9CD /* Release */ = {
			isa = XCBuildConfiguration;
			buildSettings = {
				ARCHS = "$(ARCHS_STANDARD_32_64_BIT)";
				EXCLUDED_RECURSIVE_SEARCH_PATH_SUBDIRECTORIES = "*.nib *.lproj *.framework *.gch *.xcode* (*) CVS .svn .git";
				GCC_C_LANGUAGE_STANDARD = gnu99;
				GCC_ENABLE_OBJC_GC = supported;
				GCC_VERSION = com.apple.compilers.llvmgcc42;
				GCC_WARN_ABOUT_RETURN_TYPE = YES;
				GCC_WARN_UNUSED_VARIABLE = YES;
				PREBINDING = NO;
				SDKROOT = macosx10.6;
			};
			name = Release;
		};
		F5BBC17C1062EF1000EF21A8 /* Debug */ = {
			isa = XCBuildConfiguration;
			buildSettings = {
				COPY_PHASE_STRIP = NO;
				GCC_DYNAMIC_NO_PIC = NO;
				GCC_OPTIMIZATION_LEVEL = 0;
				PRODUCT_NAME = Tests;
			};
			name = Debug;
		};
		F5BBC17D1062EF1000EF21A8 /* Release */ = {
			isa = XCBuildConfiguration;
			buildSettings = {
				COPY_PHASE_STRIP = YES;
				DEBUG_INFORMATION_FORMAT = "dwarf-with-dsym";
				GCC_ENABLE_FIX_AND_CONTINUE = NO;
				PRODUCT_NAME = Tests;
				ZERO_LINK = NO;
			};
			name = Release;
		};
/* End XCBuildConfiguration section */

/* Begin XCConfigurationList section */
		1DEB91AD08733DA50010E9CD /* Build configuration list for PBXNativeTarget "Git" */ = {
			isa = XCConfigurationList;
			buildConfigurations = (
				1DEB91AE08733DA50010E9CD /* Debug */,
				1DEB91AF08733DA50010E9CD /* Release */,
			);
			defaultConfigurationIsVisible = 0;
			defaultConfigurationName = Release;
		};
		1DEB91B108733DA50010E9CD /* Build configuration list for PBXProject "Git" */ = {
			isa = XCConfigurationList;
			buildConfigurations = (
				1DEB91B208733DA50010E9CD /* Debug */,
				1DEB91B308733DA50010E9CD /* Release */,
			);
			defaultConfigurationIsVisible = 0;
			defaultConfigurationName = Release;
		};
		F5BBC1811062EF5E00EF21A8 /* Build configuration list for PBXAggregateTarget "Tests" */ = {
			isa = XCConfigurationList;
			buildConfigurations = (
				F5BBC17C1062EF1000EF21A8 /* Debug */,
				F5BBC17D1062EF1000EF21A8 /* Release */,
			);
			defaultConfigurationIsVisible = 0;
			defaultConfigurationName = Release;
		};
/* End XCConfigurationList section */
	};
	rootObject = 0867D690FE84028FC02AAC07 /* Project object */;
}
