// !$*UTF8*$!
{
	archiveVersion = 1;
	classes = {
	};
	objectVersion = 45;
	objects = {

/* Begin PBXAggregateTarget section */
		F5BBC17B1062EF1000EF21A8 /* Tests */ = {
			isa = PBXAggregateTarget;
			buildConfigurationList = F5BBC1811062EF5E00EF21A8 /* Build configuration list for PBXAggregateTarget "Tests" */;
			buildPhases = (
				F5BBC17A1062EF1000EF21A8 /* Run MacRuby */,
			);
			dependencies = (
				F5BBC17F1062EF2800EF21A8 /* PBXTargetDependency */,
			);
			name = Tests;
			productName = Tests;
		};
		F5FC28EA10A649D000EFB922 /* Documentation */ = {
			isa = PBXAggregateTarget;
			buildConfigurationList = F5FC28ED10A649EE00EFB922 /* Build configuration list for PBXAggregateTarget "Documentation" */;
			buildPhases = (
				F5FC28E910A649D000EFB922 /* ShellScript */,
			);
			dependencies = (
			);
			name = Documentation;
			productName = Documentation;
		};
/* End PBXAggregateTarget section */

/* Begin PBXBuildFile section */
		8DC2EF530486A6940098B216 /* InfoPlist.strings in Resources */ = {isa = PBXBuildFile; fileRef = 089C1666FE841158C02AAC07 /* InfoPlist.strings */; };
		F5124D5E10CC5423002B834B /* NSRangeEnd.h in Headers */ = {isa = PBXBuildFile; fileRef = F5124D5C10CC5423002B834B /* NSRangeEnd.h */; };
		F5124D5F10CC5423002B834B /* NSRangeEnd.m in Sources */ = {isa = PBXBuildFile; fileRef = F5124D5D10CC5423002B834B /* NSRangeEnd.m */; };
		F5124D9610CC8A2C002B834B /* GITPackObject.h in Headers */ = {isa = PBXBuildFile; fileRef = F5124D9410CC8A2C002B834B /* GITPackObject.h */; settings = {ATTRIBUTES = (Public, ); }; };
		F5124D9710CC8A2C002B834B /* GITPackObject.m in Sources */ = {isa = PBXBuildFile; fileRef = F5124D9510CC8A2C002B834B /* GITPackObject.m */; };
		F52D57F8111DA4FC005A461E /* GITCommitEnumerator.h in Headers */ = {isa = PBXBuildFile; fileRef = F52D57F6111DA4FC005A461E /* GITCommitEnumerator.h */; settings = {ATTRIBUTES = (Public, ); }; };
		F52D57F9111DA4FC005A461E /* GITCommitEnumerator.m in Sources */ = {isa = PBXBuildFile; fileRef = F52D57F7111DA4FC005A461E /* GITCommitEnumerator.m */; };
		F540225E1180DC170039933F /* assertions.h in Headers */ = {isa = PBXBuildFile; fileRef = F599AA8C1060264D003CD1C0 /* assertions.h */; };
		F540225F1180DC170039933F /* assertions.m in Sources */ = {isa = PBXBuildFile; fileRef = F599AA8D1060264D003CD1C0 /* assertions.m */; };
		F54022601180DC1C0039933F /* Git.h in Headers */ = {isa = PBXBuildFile; fileRef = F593ABD0117EDEF400B9DEB0 /* Git.h */; };
		F54022621180DC1F0039933F /* GITActor+Parsing.h in Headers */ = {isa = PBXBuildFile; fileRef = F5706DA010FA7C2C00DCA823 /* GITActor+Parsing.h */; };
		F54022631180DC200039933F /* GITActor+Parsing.m in Sources */ = {isa = PBXBuildFile; fileRef = F5706DA110FA7C2C00DCA823 /* GITActor+Parsing.m */; };
		F54022641180DC210039933F /* GITActor.h in Headers */ = {isa = PBXBuildFile; fileRef = F5706D4A10FA1E5600DCA823 /* GITActor.h */; settings = {ATTRIBUTES = (Public, ); }; };
		F54022651180DC210039933F /* GITActor.m in Sources */ = {isa = PBXBuildFile; fileRef = F5706D4B10FA1E5600DCA823 /* GITActor.m */; };
		F54022661180DC220039933F /* GITBlob.h in Headers */ = {isa = PBXBuildFile; fileRef = F5B28C6E10D4799E009A933C /* GITBlob.h */; settings = {ATTRIBUTES = (Public, ); }; };
		F54022671180DC230039933F /* GITBlob.m in Sources */ = {isa = PBXBuildFile; fileRef = F5B28C6F10D4799E009A933C /* GITBlob.m */; };
		F54022681180DC240039933F /* GITBranch.h in Headers */ = {isa = PBXBuildFile; fileRef = F5A6C954108A0DFB00E9B1C7 /* GITBranch.h */; settings = {ATTRIBUTES = (Public, ); }; };
		F54022691180DC240039933F /* GITBranch.m in Sources */ = {isa = PBXBuildFile; fileRef = F5A6C955108A0DFB00E9B1C7 /* GITBranch.m */; };
		F540226A1180DC260039933F /* GITCommit.h in Headers */ = {isa = PBXBuildFile; fileRef = F5B28C6610D47980009A933C /* GITCommit.h */; settings = {ATTRIBUTES = (Public, ); }; };
		F540226B1180DC270039933F /* GITCommit.m in Sources */ = {isa = PBXBuildFile; fileRef = F5B28C6710D47980009A933C /* GITCommit.m */; };
		F540226C1180DC280039933F /* GITCommitEnumerator.h in Headers */ = {isa = PBXBuildFile; fileRef = F52D57F6111DA4FC005A461E /* GITCommitEnumerator.h */; settings = {ATTRIBUTES = (Public, ); }; };
		F540226D1180DC290039933F /* GITCommitEnumerator.m in Sources */ = {isa = PBXBuildFile; fileRef = F52D57F7111DA4FC005A461E /* GITCommitEnumerator.m */; };
		F540226E1180DC290039933F /* GITDateTime.h in Headers */ = {isa = PBXBuildFile; fileRef = F5706D5810FA28F600DCA823 /* GITDateTime.h */; settings = {ATTRIBUTES = (Public, ); }; };
		F540226F1180DC2A0039933F /* GITDateTime.m in Sources */ = {isa = PBXBuildFile; fileRef = F5706D5910FA28F600DCA823 /* GITDateTime.m */; };
		F54022701180DC2D0039933F /* GITError.h in Headers */ = {isa = PBXBuildFile; fileRef = F599AAA4106026ED003CD1C0 /* GITError.h */; settings = {ATTRIBUTES = (Public, ); }; };
		F54022711180DC2E0039933F /* GITError.m in Sources */ = {isa = PBXBuildFile; fileRef = F599AAA5106026ED003CD1C0 /* GITError.m */; };
		F54022721180DC2E0039933F /* GITLooseObject.h in Headers */ = {isa = PBXBuildFile; fileRef = F553A86E10FFDD80007799A9 /* GITLooseObject.h */; };
		F54022731180DC2F0039933F /* GITLooseObject.m in Sources */ = {isa = PBXBuildFile; fileRef = F553A86F10FFDD80007799A9 /* GITLooseObject.m */; };
		F54022741180DC300039933F /* GITObject+Parsing.h in Headers */ = {isa = PBXBuildFile; fileRef = F5C7EB1210D53BC000B77179 /* GITObject+Parsing.h */; };
		F54022751180DC300039933F /* GITObject+Parsing.m in Sources */ = {isa = PBXBuildFile; fileRef = F5C7EB1310D53BC000B77179 /* GITObject+Parsing.m */; };
		F54022761180DC310039933F /* GITObject.h in Headers */ = {isa = PBXBuildFile; fileRef = F57EAA2010CDDB2500EE2103 /* GITObject.h */; settings = {ATTRIBUTES = (Public, ); }; };
		F54022771180DC320039933F /* GITObject.m in Sources */ = {isa = PBXBuildFile; fileRef = F57EAA2110CDDB2500EE2103 /* GITObject.m */; };
		F54022781180DC320039933F /* GITObjectHash.h in Headers */ = {isa = PBXBuildFile; fileRef = F5FC294910A784B900EFB922 /* GITObjectHash.h */; settings = {ATTRIBUTES = (Public, ); }; };
		F54022791180DC330039933F /* GITObjectHash.m in Sources */ = {isa = PBXBuildFile; fileRef = F5FC294A10A784B900EFB922 /* GITObjectHash.m */; };
		F540227A1180DC350039933F /* GITPackCollection.h in Headers */ = {isa = PBXBuildFile; fileRef = F553A8761101FACC007799A9 /* GITPackCollection.h */; };
		F540227B1180DC360039933F /* GITPackCollection.m in Sources */ = {isa = PBXBuildFile; fileRef = F553A8771101FACC007799A9 /* GITPackCollection.m */; };
		F540227C1180DC380039933F /* GITPackedRefsEnumerator.h in Headers */ = {isa = PBXBuildFile; fileRef = F5AA6AC41078C864001110FE /* GITPackedRefsEnumerator.h */; settings = {ATTRIBUTES = (Public, ); }; };
		F540227D1180DC390039933F /* GITPackedRefsEnumerator.m in Sources */ = {isa = PBXBuildFile; fileRef = F5AA6AC51078C864001110FE /* GITPackedRefsEnumerator.m */; };
		F540227E1180DC390039933F /* GITPackFile.h in Headers */ = {isa = PBXBuildFile; fileRef = F5D0136310A5C415003EFA8F /* GITPackFile.h */; settings = {ATTRIBUTES = (Public, ); }; };
		F540227F1180DC3A0039933F /* GITPackFile.m in Sources */ = {isa = PBXBuildFile; fileRef = F5D0136410A5C415003EFA8F /* GITPackFile.m */; };
		F54022801180DC3B0039933F /* GITPackFilePlaceholder.h in Headers */ = {isa = PBXBuildFile; fileRef = F5D0136710A5C836003EFA8F /* GITPackFilePlaceholder.h */; };
		F54022811180DC3C0039933F /* GITPackFilePlaceholder.m in Sources */ = {isa = PBXBuildFile; fileRef = F5D0136810A5C836003EFA8F /* GITPackFilePlaceholder.m */; };
		F54022821180DC3C0039933F /* GITPackFileVersionTwo.h in Headers */ = {isa = PBXBuildFile; fileRef = F5D0136F10A5DA9B003EFA8F /* GITPackFileVersionTwo.h */; };
		F54022831180DC3D0039933F /* GITPackFileVersionTwo.m in Sources */ = {isa = PBXBuildFile; fileRef = F5D0137010A5DA9B003EFA8F /* GITPackFileVersionTwo.m */; };
		F54022841180DC3D0039933F /* GITPackIndex.h in Headers */ = {isa = PBXBuildFile; fileRef = F5FC28C110A6301D00EFB922 /* GITPackIndex.h */; settings = {ATTRIBUTES = (Public, ); }; };
		F54022851180DC3E0039933F /* GITPackIndex.m in Sources */ = {isa = PBXBuildFile; fileRef = F5FC28C210A6301D00EFB922 /* GITPackIndex.m */; };
		F54022861180DC400039933F /* GITPackIndexPlaceholder.h in Headers */ = {isa = PBXBuildFile; fileRef = F5FC28C510A630A900EFB922 /* GITPackIndexPlaceholder.h */; };
		F54022871180DC410039933F /* GITPackIndexPlaceholder.m in Sources */ = {isa = PBXBuildFile; fileRef = F5FC28C610A630A900EFB922 /* GITPackIndexPlaceholder.m */; };
		F54022881180DC410039933F /* GITPackIndexVersionOne.h in Headers */ = {isa = PBXBuildFile; fileRef = F5FC28C910A6393100EFB922 /* GITPackIndexVersionOne.h */; };
		F54022891180DC430039933F /* GITPackIndexVersionOne.m in Sources */ = {isa = PBXBuildFile; fileRef = F5FC28CA10A6393100EFB922 /* GITPackIndexVersionOne.m */; };
		F540228A1180DC430039933F /* GITPackIndexVersionTwo.h in Headers */ = {isa = PBXBuildFile; fileRef = F5FC28D010A63ACD00EFB922 /* GITPackIndexVersionTwo.h */; };
		F540228B1180DC450039933F /* GITPackIndexVersionTwo.m in Sources */ = {isa = PBXBuildFile; fileRef = F5FC28D110A63ACD00EFB922 /* GITPackIndexVersionTwo.m */; };
		F540228C1180DC450039933F /* GITPackObject.h in Headers */ = {isa = PBXBuildFile; fileRef = F5124D9410CC8A2C002B834B /* GITPackObject.h */; settings = {ATTRIBUTES = (Public, ); }; };
		F540228D1180DC460039933F /* GITPackObject.m in Sources */ = {isa = PBXBuildFile; fileRef = F5124D9510CC8A2C002B834B /* GITPackObject.m */; };
		F54022901180DC490039933F /* GITRef.h in Headers */ = {isa = PBXBuildFile; fileRef = F5BBC1DC10659C3100EF21A8 /* GITRef.h */; settings = {ATTRIBUTES = (Public, ); }; };
		F54022911180DC4A0039933F /* GITRef.m in Sources */ = {isa = PBXBuildFile; fileRef = F5BBC1DD10659C3100EF21A8 /* GITRef.m */; };
		F54022921180DC4B0039933F /* GITRefResolver.h in Headers */ = {isa = PBXBuildFile; fileRef = F5BBC1A41063753400EF21A8 /* GITRefResolver.h */; settings = {ATTRIBUTES = (Public, ); }; };
		F54022931180DC4B0039933F /* GITRefResolver.m in Sources */ = {isa = PBXBuildFile; fileRef = F5BBC1A51063753400EF21A8 /* GITRefResolver.m */; };
		F54022941180DC4C0039933F /* GITRepo.h in Headers */ = {isa = PBXBuildFile; fileRef = F599A8CF105EFCE8003CD1C0 /* GITRepo.h */; settings = {ATTRIBUTES = (Public, ); }; };
		F54022951180DC4D0039933F /* GITRepo.m in Sources */ = {isa = PBXBuildFile; fileRef = F599A8D0105EFCE8003CD1C0 /* GITRepo.m */; };
		F54022961180DC4E0039933F /* GITTag.h in Headers */ = {isa = PBXBuildFile; fileRef = F5B28C7210D479AE009A933C /* GITTag.h */; settings = {ATTRIBUTES = (Public, ); }; };
		F54022971180DC4F0039933F /* GITTag.m in Sources */ = {isa = PBXBuildFile; fileRef = F5B28C7310D479AE009A933C /* GITTag.m */; };
		F54022981180DC500039933F /* GITTree.h in Headers */ = {isa = PBXBuildFile; fileRef = F5B28C6A10D4798F009A933C /* GITTree.h */; settings = {ATTRIBUTES = (Public, ); }; };
		F54022991180DC520039933F /* GITTree.m in Sources */ = {isa = PBXBuildFile; fileRef = F5B28C6B10D4798F009A933C /* GITTree.m */; };
		F540229A1180DC530039933F /* GITTreeItem.h in Headers */ = {isa = PBXBuildFile; fileRef = F5C7EB5610D5C5C500B77179 /* GITTreeItem.h */; settings = {ATTRIBUTES = (Public, ); }; };
		F540229B1180DC540039933F /* GITTreeItem.m in Sources */ = {isa = PBXBuildFile; fileRef = F5C7EB5710D5C5C500B77179 /* GITTreeItem.m */; };
		F540229C1180DC560039933F /* libz.dylib in Frameworks */ = {isa = PBXBuildFile; fileRef = F57EAA5210CDE2FB00EE2103 /* libz.dylib */; };
		F540229D1180DC570039933F /* NSData+Compression.h in Headers */ = {isa = PBXBuildFile; fileRef = F57EAA3B10CDDFAA00EE2103 /* NSData+Compression.h */; };
		F540229E1180DC580039933F /* NSData+Compression.m in Sources */ = {isa = PBXBuildFile; fileRef = F57EAA3C10CDDFAA00EE2103 /* NSData+Compression.m */; };
		F540229F1180DC590039933F /* NSData+DeltaPatching.h in Headers */ = {isa = PBXBuildFile; fileRef = F57EAA6510CDF45300EE2103 /* NSData+DeltaPatching.h */; };
		F54022A01180DC5A0039933F /* NSData+DeltaPatching.m in Sources */ = {isa = PBXBuildFile; fileRef = F57EAA6610CDF45300EE2103 /* NSData+DeltaPatching.m */; };
		F54022A11180DC5B0039933F /* NSData+Searching.h in Headers */ = {isa = PBXBuildFile; fileRef = F5AC4DED106C501D0083212A /* NSData+Searching.h */; };
		F54022A21180DC5B0039933F /* NSData+Searching.m in Sources */ = {isa = PBXBuildFile; fileRef = F5AC4DEE106C501D0083212A /* NSData+Searching.m */; };
		F54022A31180DC5C0039933F /* NSData+SHA1.h in Headers */ = {isa = PBXBuildFile; fileRef = F575BBF910C12799000458EB /* NSData+SHA1.h */; };
		F54022A41180DC5D0039933F /* NSData+SHA1.m in Sources */ = {isa = PBXBuildFile; fileRef = F575BBFA10C12799000458EB /* NSData+SHA1.m */; };
		F54022A51180DC5D0039933F /* NSError-OBExtensions.h in Headers */ = {isa = PBXBuildFile; fileRef = F599AA8E1060264D003CD1C0 /* NSError-OBExtensions.h */; settings = {ATTRIBUTES = (Public, ); }; };
		F54022A71180DC600039933F /* NSRangeEnd.m in Sources */ = {isa = PBXBuildFile; fileRef = F5124D5D10CC5423002B834B /* NSRangeEnd.m */; };
		F54022A81180DC610039933F /* NSError-OBExtensions.m in Sources */ = {isa = PBXBuildFile; fileRef = F599AA8F1060264D003CD1C0 /* NSError-OBExtensions.m */; };
		F54022A91180DC620039933F /* NSRangeEnd.h in Headers */ = {isa = PBXBuildFile; fileRef = F5124D5C10CC5423002B834B /* NSRangeEnd.h */; };
		F54022AA1180DC630039933F /* NSTimeZone+Offset.h in Headers */ = {isa = PBXBuildFile; fileRef = F5706D6210FA319300DCA823 /* NSTimeZone+Offset.h */; };
		F54022AB1180DC630039933F /* NSTimeZone+Offset.m in Sources */ = {isa = PBXBuildFile; fileRef = F5706D6310FA319300DCA823 /* NSTimeZone+Offset.m */; };
		F54022AC1180DC640039933F /* OBBacktraceBuffer.h in Headers */ = {isa = PBXBuildFile; fileRef = F599AA901060264D003CD1C0 /* OBBacktraceBuffer.h */; };
		F54022AD1180DC650039933F /* OBBacktraceBuffer.m in Sources */ = {isa = PBXBuildFile; fileRef = F599AA911060264D003CD1C0 /* OBBacktraceBuffer.m */; };
		F54022AE1180DC660039933F /* OBError.h in Headers */ = {isa = PBXBuildFile; fileRef = F599AA921060264D003CD1C0 /* OBError.h */; settings = {ATTRIBUTES = (Public, ); }; };
		F54022AF1180DC660039933F /* OBError.m in Sources */ = {isa = PBXBuildFile; fileRef = F599AA931060264D003CD1C0 /* OBError.m */; };
		F54022B01180DC680039933F /* objc.h in Headers */ = {isa = PBXBuildFile; fileRef = F599AA941060264D003CD1C0 /* objc.h */; };
		F54022B11180DC6A0039933F /* OBUtilities.h in Headers */ = {isa = PBXBuildFile; fileRef = F599AA951060264D003CD1C0 /* OBUtilities.h */; };
		F54022B21180DC6B0039933F /* OBUtilities.m in Sources */ = {isa = PBXBuildFile; fileRef = F599AA961060264D003CD1C0 /* OBUtilities.m */; };
		F540235E1180E6BA0039933F /* Foundation.framework in Frameworks */ = {isa = PBXBuildFile; fileRef = F599A9FA10601ECA003CD1C0 /* Foundation.framework */; };
		F553A87010FFDD80007799A9 /* GITLooseObject.h in Headers */ = {isa = PBXBuildFile; fileRef = F553A86E10FFDD80007799A9 /* GITLooseObject.h */; };
		F553A87110FFDD80007799A9 /* GITLooseObject.m in Sources */ = {isa = PBXBuildFile; fileRef = F553A86F10FFDD80007799A9 /* GITLooseObject.m */; };
		F553A8781101FACC007799A9 /* GITPackCollection.h in Headers */ = {isa = PBXBuildFile; fileRef = F553A8761101FACC007799A9 /* GITPackCollection.h */; };
		F553A8791101FACC007799A9 /* GITPackCollection.m in Sources */ = {isa = PBXBuildFile; fileRef = F553A8771101FACC007799A9 /* GITPackCollection.m */; };
		F5706D4C10FA1E5600DCA823 /* GITActor.h in Headers */ = {isa = PBXBuildFile; fileRef = F5706D4A10FA1E5600DCA823 /* GITActor.h */; settings = {ATTRIBUTES = (Public, ); }; };
		F5706D4D10FA1E5600DCA823 /* GITActor.m in Sources */ = {isa = PBXBuildFile; fileRef = F5706D4B10FA1E5600DCA823 /* GITActor.m */; };
		F5706D5A10FA28F600DCA823 /* GITDateTime.h in Headers */ = {isa = PBXBuildFile; fileRef = F5706D5810FA28F600DCA823 /* GITDateTime.h */; settings = {ATTRIBUTES = (Public, ); }; };
		F5706D5B10FA28F600DCA823 /* GITDateTime.m in Sources */ = {isa = PBXBuildFile; fileRef = F5706D5910FA28F600DCA823 /* GITDateTime.m */; };
		F5706D6410FA319300DCA823 /* NSTimeZone+Offset.h in Headers */ = {isa = PBXBuildFile; fileRef = F5706D6210FA319300DCA823 /* NSTimeZone+Offset.h */; };
		F5706D6510FA319300DCA823 /* NSTimeZone+Offset.m in Sources */ = {isa = PBXBuildFile; fileRef = F5706D6310FA319300DCA823 /* NSTimeZone+Offset.m */; };
		F5706DA210FA7C2C00DCA823 /* GITActor+Parsing.h in Headers */ = {isa = PBXBuildFile; fileRef = F5706DA010FA7C2C00DCA823 /* GITActor+Parsing.h */; };
		F5706DA310FA7C2C00DCA823 /* GITActor+Parsing.m in Sources */ = {isa = PBXBuildFile; fileRef = F5706DA110FA7C2C00DCA823 /* GITActor+Parsing.m */; };
		F575BBFB10C12799000458EB /* NSData+SHA1.h in Headers */ = {isa = PBXBuildFile; fileRef = F575BBF910C12799000458EB /* NSData+SHA1.h */; };
		F575BBFC10C12799000458EB /* NSData+SHA1.m in Sources */ = {isa = PBXBuildFile; fileRef = F575BBFA10C12799000458EB /* NSData+SHA1.m */; };
		F575BC5310C13214000458EB /* GITPackFile.m in Sources */ = {isa = PBXBuildFile; fileRef = F5D0136410A5C415003EFA8F /* GITPackFile.m */; };
		F575BC5410C13215000458EB /* GITPackFile.h in Headers */ = {isa = PBXBuildFile; fileRef = F5D0136310A5C415003EFA8F /* GITPackFile.h */; settings = {ATTRIBUTES = (Public, ); }; };
		F57EAA2210CDDB2500EE2103 /* GITObject.h in Headers */ = {isa = PBXBuildFile; fileRef = F57EAA2010CDDB2500EE2103 /* GITObject.h */; settings = {ATTRIBUTES = (Public, ); }; };
		F57EAA2310CDDB2500EE2103 /* GITObject.m in Sources */ = {isa = PBXBuildFile; fileRef = F57EAA2110CDDB2500EE2103 /* GITObject.m */; };
		F57EAA3D10CDDFAA00EE2103 /* NSData+Compression.h in Headers */ = {isa = PBXBuildFile; fileRef = F57EAA3B10CDDFAA00EE2103 /* NSData+Compression.h */; };
		F57EAA3E10CDDFAA00EE2103 /* NSData+Compression.m in Sources */ = {isa = PBXBuildFile; fileRef = F57EAA3C10CDDFAA00EE2103 /* NSData+Compression.m */; };
		F57EAA5310CDE2FB00EE2103 /* libz.dylib in Frameworks */ = {isa = PBXBuildFile; fileRef = F57EAA5210CDE2FB00EE2103 /* libz.dylib */; };
		F57EAA6710CDF45300EE2103 /* NSData+DeltaPatching.h in Headers */ = {isa = PBXBuildFile; fileRef = F57EAA6510CDF45300EE2103 /* NSData+DeltaPatching.h */; };
		F57EAA6810CDF45300EE2103 /* NSData+DeltaPatching.m in Sources */ = {isa = PBXBuildFile; fileRef = F57EAA6610CDF45300EE2103 /* NSData+DeltaPatching.m */; };
		F57EAB8F10D0082600EE2103 /* BridgeSupport in Resources */ = {isa = PBXBuildFile; fileRef = F57EAB8C10D0082600EE2103 /* BridgeSupport */; };
		F593ABEC117EE28600B9DEB0 /* Git.h in Headers */ = {isa = PBXBuildFile; fileRef = F593ABD0117EDEF400B9DEB0 /* Git.h */; settings = {ATTRIBUTES = (Public, ); }; };
		F594CB2811864CE500E82F38 /* GITGraph.m in Sources */ = {isa = PBXBuildFile; fileRef = F594CB2611864CE500E82F38 /* GITGraph.m */; };
		F594CB2C118777C800E82F38 /* GITGraphNode.m in Sources */ = {isa = PBXBuildFile; fileRef = F594CB2A118777C800E82F38 /* GITGraphNode.m */; };
		F599A8D1105EFCE8003CD1C0 /* GITRepo.h in Headers */ = {isa = PBXBuildFile; fileRef = F599A8CF105EFCE8003CD1C0 /* GITRepo.h */; settings = {ATTRIBUTES = (Public, ); }; };
		F599A8D2105EFCE8003CD1C0 /* GITRepo.m in Sources */ = {isa = PBXBuildFile; fileRef = F599A8D0105EFCE8003CD1C0 /* GITRepo.m */; };
		F599A9FB10601ECA003CD1C0 /* Foundation.framework in Frameworks */ = {isa = PBXBuildFile; fileRef = F599A9FA10601ECA003CD1C0 /* Foundation.framework */; };
		F599AA971060264D003CD1C0 /* assertions.h in Headers */ = {isa = PBXBuildFile; fileRef = F599AA8C1060264D003CD1C0 /* assertions.h */; };
		F599AA981060264D003CD1C0 /* assertions.m in Sources */ = {isa = PBXBuildFile; fileRef = F599AA8D1060264D003CD1C0 /* assertions.m */; };
		F599AA991060264D003CD1C0 /* NSError-OBExtensions.h in Headers */ = {isa = PBXBuildFile; fileRef = F599AA8E1060264D003CD1C0 /* NSError-OBExtensions.h */; settings = {ATTRIBUTES = (Public, ); }; };
		F599AA9A1060264D003CD1C0 /* NSError-OBExtensions.m in Sources */ = {isa = PBXBuildFile; fileRef = F599AA8F1060264D003CD1C0 /* NSError-OBExtensions.m */; };
		F599AA9B1060264D003CD1C0 /* OBBacktraceBuffer.h in Headers */ = {isa = PBXBuildFile; fileRef = F599AA901060264D003CD1C0 /* OBBacktraceBuffer.h */; };
		F599AA9C1060264D003CD1C0 /* OBBacktraceBuffer.m in Sources */ = {isa = PBXBuildFile; fileRef = F599AA911060264D003CD1C0 /* OBBacktraceBuffer.m */; };
		F599AA9D1060264D003CD1C0 /* OBError.h in Headers */ = {isa = PBXBuildFile; fileRef = F599AA921060264D003CD1C0 /* OBError.h */; settings = {ATTRIBUTES = (Public, ); }; };
		F599AA9E1060264D003CD1C0 /* OBError.m in Sources */ = {isa = PBXBuildFile; fileRef = F599AA931060264D003CD1C0 /* OBError.m */; };
		F599AA9F1060264D003CD1C0 /* objc.h in Headers */ = {isa = PBXBuildFile; fileRef = F599AA941060264D003CD1C0 /* objc.h */; };
		F599AAA01060264D003CD1C0 /* OBUtilities.h in Headers */ = {isa = PBXBuildFile; fileRef = F599AA951060264D003CD1C0 /* OBUtilities.h */; };
		F599AAA11060264D003CD1C0 /* OBUtilities.m in Sources */ = {isa = PBXBuildFile; fileRef = F599AA961060264D003CD1C0 /* OBUtilities.m */; };
		F599AAA6106026ED003CD1C0 /* GITError.h in Headers */ = {isa = PBXBuildFile; fileRef = F599AAA4106026ED003CD1C0 /* GITError.h */; settings = {ATTRIBUTES = (Public, ); }; };
		F599AAA7106026ED003CD1C0 /* GITError.m in Sources */ = {isa = PBXBuildFile; fileRef = F599AAA5106026ED003CD1C0 /* GITError.m */; };
		F5A6C956108A0DFB00E9B1C7 /* GITBranch.h in Headers */ = {isa = PBXBuildFile; fileRef = F5A6C954108A0DFB00E9B1C7 /* GITBranch.h */; settings = {ATTRIBUTES = (Public, ); }; };
		F5A6C957108A0DFB00E9B1C7 /* GITBranch.m in Sources */ = {isa = PBXBuildFile; fileRef = F5A6C955108A0DFB00E9B1C7 /* GITBranch.m */; };
		F5AA6AC61078C864001110FE /* GITPackedRefsEnumerator.h in Headers */ = {isa = PBXBuildFile; fileRef = F5AA6AC41078C864001110FE /* GITPackedRefsEnumerator.h */; settings = {ATTRIBUTES = (Public, ); }; };
		F5AA6AC71078C864001110FE /* GITPackedRefsEnumerator.m in Sources */ = {isa = PBXBuildFile; fileRef = F5AA6AC51078C864001110FE /* GITPackedRefsEnumerator.m */; };
		F5AC4DEF106C501D0083212A /* NSData+Searching.h in Headers */ = {isa = PBXBuildFile; fileRef = F5AC4DED106C501D0083212A /* NSData+Searching.h */; };
		F5AC4DF0106C501D0083212A /* NSData+Searching.m in Sources */ = {isa = PBXBuildFile; fileRef = F5AC4DEE106C501D0083212A /* NSData+Searching.m */; };
		F5B28C6810D47980009A933C /* GITCommit.h in Headers */ = {isa = PBXBuildFile; fileRef = F5B28C6610D47980009A933C /* GITCommit.h */; settings = {ATTRIBUTES = (Public, ); }; };
		F5B28C6910D47980009A933C /* GITCommit.m in Sources */ = {isa = PBXBuildFile; fileRef = F5B28C6710D47980009A933C /* GITCommit.m */; };
		F5B28C6C10D4798F009A933C /* GITTree.h in Headers */ = {isa = PBXBuildFile; fileRef = F5B28C6A10D4798F009A933C /* GITTree.h */; settings = {ATTRIBUTES = (Public, ); }; };
		F5B28C6D10D4798F009A933C /* GITTree.m in Sources */ = {isa = PBXBuildFile; fileRef = F5B28C6B10D4798F009A933C /* GITTree.m */; };
		F5B28C7010D4799E009A933C /* GITBlob.h in Headers */ = {isa = PBXBuildFile; fileRef = F5B28C6E10D4799E009A933C /* GITBlob.h */; settings = {ATTRIBUTES = (Public, ); }; };
		F5B28C7110D4799E009A933C /* GITBlob.m in Sources */ = {isa = PBXBuildFile; fileRef = F5B28C6F10D4799E009A933C /* GITBlob.m */; };
		F5B28C7410D479AE009A933C /* GITTag.h in Headers */ = {isa = PBXBuildFile; fileRef = F5B28C7210D479AE009A933C /* GITTag.h */; settings = {ATTRIBUTES = (Public, ); }; };
		F5B28C7510D479AE009A933C /* GITTag.m in Sources */ = {isa = PBXBuildFile; fileRef = F5B28C7310D479AE009A933C /* GITTag.m */; };
		F5BBC1A61063753400EF21A8 /* GITRefResolver.h in Headers */ = {isa = PBXBuildFile; fileRef = F5BBC1A41063753400EF21A8 /* GITRefResolver.h */; settings = {ATTRIBUTES = (Public, ); }; };
		F5BBC1A71063753400EF21A8 /* GITRefResolver.m in Sources */ = {isa = PBXBuildFile; fileRef = F5BBC1A51063753400EF21A8 /* GITRefResolver.m */; };
		F5BBC1DE10659C3100EF21A8 /* GITRef.h in Headers */ = {isa = PBXBuildFile; fileRef = F5BBC1DC10659C3100EF21A8 /* GITRef.h */; settings = {ATTRIBUTES = (Public, ); }; };
		F5BBC1DF10659C3100EF21A8 /* GITRef.m in Sources */ = {isa = PBXBuildFile; fileRef = F5BBC1DD10659C3100EF21A8 /* GITRef.m */; };
		F5C7EB1410D53BC000B77179 /* GITObject+Parsing.h in Headers */ = {isa = PBXBuildFile; fileRef = F5C7EB1210D53BC000B77179 /* GITObject+Parsing.h */; };
		F5C7EB1510D53BC000B77179 /* GITObject+Parsing.m in Sources */ = {isa = PBXBuildFile; fileRef = F5C7EB1310D53BC000B77179 /* GITObject+Parsing.m */; };
		F5C7EB5810D5C5C500B77179 /* GITTreeItem.h in Headers */ = {isa = PBXBuildFile; fileRef = F5C7EB5610D5C5C500B77179 /* GITTreeItem.h */; settings = {ATTRIBUTES = (Public, ); }; };
		F5C7EB5910D5C5C500B77179 /* GITTreeItem.m in Sources */ = {isa = PBXBuildFile; fileRef = F5C7EB5710D5C5C500B77179 /* GITTreeItem.m */; };
		F5D0136910A5C836003EFA8F /* GITPackFilePlaceholder.h in Headers */ = {isa = PBXBuildFile; fileRef = F5D0136710A5C836003EFA8F /* GITPackFilePlaceholder.h */; };
		F5D0136A10A5C836003EFA8F /* GITPackFilePlaceholder.m in Sources */ = {isa = PBXBuildFile; fileRef = F5D0136810A5C836003EFA8F /* GITPackFilePlaceholder.m */; };
		F5D0137110A5DA9B003EFA8F /* GITPackFileVersionTwo.h in Headers */ = {isa = PBXBuildFile; fileRef = F5D0136F10A5DA9B003EFA8F /* GITPackFileVersionTwo.h */; };
		F5D0137210A5DA9B003EFA8F /* GITPackFileVersionTwo.m in Sources */ = {isa = PBXBuildFile; fileRef = F5D0137010A5DA9B003EFA8F /* GITPackFileVersionTwo.m */; };
		F5FC28C310A6301D00EFB922 /* GITPackIndex.h in Headers */ = {isa = PBXBuildFile; fileRef = F5FC28C110A6301D00EFB922 /* GITPackIndex.h */; settings = {ATTRIBUTES = (Public, ); }; };
		F5FC28C410A6301D00EFB922 /* GITPackIndex.m in Sources */ = {isa = PBXBuildFile; fileRef = F5FC28C210A6301D00EFB922 /* GITPackIndex.m */; };
		F5FC28C710A630A900EFB922 /* GITPackIndexPlaceholder.h in Headers */ = {isa = PBXBuildFile; fileRef = F5FC28C510A630A900EFB922 /* GITPackIndexPlaceholder.h */; };
		F5FC28C810A630A900EFB922 /* GITPackIndexPlaceholder.m in Sources */ = {isa = PBXBuildFile; fileRef = F5FC28C610A630A900EFB922 /* GITPackIndexPlaceholder.m */; };
		F5FC28CB10A6393100EFB922 /* GITPackIndexVersionOne.h in Headers */ = {isa = PBXBuildFile; fileRef = F5FC28C910A6393100EFB922 /* GITPackIndexVersionOne.h */; };
		F5FC28CC10A6393100EFB922 /* GITPackIndexVersionOne.m in Sources */ = {isa = PBXBuildFile; fileRef = F5FC28CA10A6393100EFB922 /* GITPackIndexVersionOne.m */; };
		F5FC28D210A63ACD00EFB922 /* GITPackIndexVersionTwo.h in Headers */ = {isa = PBXBuildFile; fileRef = F5FC28D010A63ACD00EFB922 /* GITPackIndexVersionTwo.h */; };
		F5FC28D310A63ACD00EFB922 /* GITPackIndexVersionTwo.m in Sources */ = {isa = PBXBuildFile; fileRef = F5FC28D110A63ACD00EFB922 /* GITPackIndexVersionTwo.m */; };
		F5FC294B10A784B900EFB922 /* GITObjectHash.h in Headers */ = {isa = PBXBuildFile; fileRef = F5FC294910A784B900EFB922 /* GITObjectHash.h */; settings = {ATTRIBUTES = (Public, ); }; };
		F5FC294C10A784B900EFB922 /* GITObjectHash.m in Sources */ = {isa = PBXBuildFile; fileRef = F5FC294A10A784B900EFB922 /* GITObjectHash.m */; };
/* End PBXBuildFile section */

/* Begin PBXContainerItemProxy section */
		F5BBC17E1062EF2800EF21A8 /* PBXContainerItemProxy */ = {
			isa = PBXContainerItemProxy;
			containerPortal = 0867D690FE84028FC02AAC07 /* Project object */;
			proxyType = 1;
			remoteGlobalIDString = 8DC2EF4F0486A6940098B216;
			remoteInfo = Git;
		};
/* End PBXContainerItemProxy section */

/* Begin PBXFileReference section */
		089C1667FE841158C02AAC07 /* InfoPlist.strings */ = {isa = PBXFileReference; fileEncoding = 4; lastKnownFileType = text.plist.strings; name = InfoPlist.strings; path = Resource/English.lproj/InfoPlist.strings; sourceTree = "<group>"; };
		32DBCF5E0370ADEE00C91783 /* Git_Prefix.pch */ = {isa = PBXFileReference; fileEncoding = 4; lastKnownFileType = sourcecode.c.h; name = Git_Prefix.pch; path = Source/Git_Prefix.pch; sourceTree = "<group>"; };
		8DC2EF5A0486A6940098B216 /* Info.plist */ = {isa = PBXFileReference; fileEncoding = 4; lastKnownFileType = text.plist.xml; name = Info.plist; path = Resource/Info.plist; sourceTree = "<group>"; };
		8DC2EF5B0486A6940098B216 /* Git.framework */ = {isa = PBXFileReference; explicitFileType = wrapper.framework; includeInIndex = 0; path = Git.framework; sourceTree = BUILT_PRODUCTS_DIR; };
		F5124D3A10CB3F68002B834B /* GITPackIndex.rb */ = {isa = PBXFileReference; fileEncoding = 4; lastKnownFileType = text.script.ruby; path = GITPackIndex.rb; sourceTree = "<group>"; };
		F5124D5C10CC5423002B834B /* NSRangeEnd.h */ = {isa = PBXFileReference; fileEncoding = 4; lastKnownFileType = sourcecode.c.h; name = NSRangeEnd.h; path = Source/Category/NSRange/NSRangeEnd.h; sourceTree = "<group>"; };
		F5124D5D10CC5423002B834B /* NSRangeEnd.m */ = {isa = PBXFileReference; fileEncoding = 4; lastKnownFileType = sourcecode.c.objc; name = NSRangeEnd.m; path = Source/Category/NSRange/NSRangeEnd.m; sourceTree = "<group>"; };
		F5124D9410CC8A2C002B834B /* GITPackObject.h */ = {isa = PBXFileReference; fileEncoding = 4; lastKnownFileType = sourcecode.c.h; name = GITPackObject.h; path = Source/GITPackObject.h; sourceTree = "<group>"; };
		F5124D9510CC8A2C002B834B /* GITPackObject.m */ = {isa = PBXFileReference; fileEncoding = 4; lastKnownFileType = sourcecode.c.objc; name = GITPackObject.m; path = Source/GITPackObject.m; sourceTree = "<group>"; };
		F52D57F6111DA4FC005A461E /* GITCommitEnumerator.h */ = {isa = PBXFileReference; fileEncoding = 4; lastKnownFileType = sourcecode.c.h; name = GITCommitEnumerator.h; path = Source/GITCommitEnumerator.h; sourceTree = "<group>"; };
		F52D57F7111DA4FC005A461E /* GITCommitEnumerator.m */ = {isa = PBXFileReference; fileEncoding = 4; lastKnownFileType = sourcecode.c.objc; name = GITCommitEnumerator.m; path = Source/GITCommitEnumerator.m; sourceTree = "<group>"; };
		F54022541180DB370039933F /* libGit.a */ = {isa = PBXFileReference; explicitFileType = archive.ar; includeInIndex = 0; path = libGit.a; sourceTree = BUILT_PRODUCTS_DIR; };
		F553A86E10FFDD80007799A9 /* GITLooseObject.h */ = {isa = PBXFileReference; fileEncoding = 4; lastKnownFileType = sourcecode.c.h; name = GITLooseObject.h; path = Source/GITLooseObject.h; sourceTree = "<group>"; };
		F553A86F10FFDD80007799A9 /* GITLooseObject.m */ = {isa = PBXFileReference; fileEncoding = 4; lastKnownFileType = sourcecode.c.objc; name = GITLooseObject.m; path = Source/GITLooseObject.m; sourceTree = "<group>"; };
		F553A8761101FACC007799A9 /* GITPackCollection.h */ = {isa = PBXFileReference; fileEncoding = 4; lastKnownFileType = sourcecode.c.h; name = GITPackCollection.h; path = Source/GITPackCollection.h; sourceTree = "<group>"; };
		F553A8771101FACC007799A9 /* GITPackCollection.m */ = {isa = PBXFileReference; fileEncoding = 4; lastKnownFileType = sourcecode.c.objc; name = GITPackCollection.m; path = Source/GITPackCollection.m; sourceTree = "<group>"; };
		F5706D4A10FA1E5600DCA823 /* GITActor.h */ = {isa = PBXFileReference; fileEncoding = 4; lastKnownFileType = sourcecode.c.h; name = GITActor.h; path = Source/GITActor.h; sourceTree = "<group>"; };
		F5706D4B10FA1E5600DCA823 /* GITActor.m */ = {isa = PBXFileReference; fileEncoding = 4; lastKnownFileType = sourcecode.c.objc; name = GITActor.m; path = Source/GITActor.m; sourceTree = "<group>"; };
		F5706D5810FA28F600DCA823 /* GITDateTime.h */ = {isa = PBXFileReference; fileEncoding = 4; lastKnownFileType = sourcecode.c.h; name = GITDateTime.h; path = Source/GITDateTime.h; sourceTree = "<group>"; };
		F5706D5910FA28F600DCA823 /* GITDateTime.m */ = {isa = PBXFileReference; fileEncoding = 4; lastKnownFileType = sourcecode.c.objc; name = GITDateTime.m; path = Source/GITDateTime.m; sourceTree = "<group>"; };
		F5706D6210FA319300DCA823 /* NSTimeZone+Offset.h */ = {isa = PBXFileReference; fileEncoding = 4; lastKnownFileType = sourcecode.c.h; path = "NSTimeZone+Offset.h"; sourceTree = "<group>"; };
		F5706D6310FA319300DCA823 /* NSTimeZone+Offset.m */ = {isa = PBXFileReference; fileEncoding = 4; lastKnownFileType = sourcecode.c.objc; path = "NSTimeZone+Offset.m"; sourceTree = "<group>"; };
		F5706D8410FA4E4B00DCA823 /* GITActor.rb */ = {isa = PBXFileReference; fileEncoding = 4; lastKnownFileType = text.script.ruby; path = GITActor.rb; sourceTree = "<group>"; };
		F5706D8510FA4E4B00DCA823 /* GITBlob.rb */ = {isa = PBXFileReference; fileEncoding = 4; lastKnownFileType = text.script.ruby; path = GITBlob.rb; sourceTree = "<group>"; };
		F5706D8610FA4E4B00DCA823 /* GITDateTime.rb */ = {isa = PBXFileReference; fileEncoding = 4; lastKnownFileType = text.script.ruby; path = GITDateTime.rb; sourceTree = "<group>"; };
		F5706D8710FA4E4B00DCA823 /* GITTree.rb */ = {isa = PBXFileReference; fileEncoding = 4; lastKnownFileType = text.script.ruby; path = GITTree.rb; sourceTree = "<group>"; };
		F5706DA010FA7C2C00DCA823 /* GITActor+Parsing.h */ = {isa = PBXFileReference; fileEncoding = 4; lastKnownFileType = sourcecode.c.h; name = "GITActor+Parsing.h"; path = "Source/GITActor+Parsing.h"; sourceTree = "<group>"; };
		F5706DA110FA7C2C00DCA823 /* GITActor+Parsing.m */ = {isa = PBXFileReference; fileEncoding = 4; lastKnownFileType = sourcecode.c.objc; name = "GITActor+Parsing.m"; path = "Source/GITActor+Parsing.m"; sourceTree = "<group>"; };
		F5706DB010FAA25800DCA823 /* GITCommit.rb */ = {isa = PBXFileReference; fileEncoding = 4; lastKnownFileType = text.script.ruby; path = GITCommit.rb; sourceTree = "<group>"; };
		F575BBF910C12799000458EB /* NSData+SHA1.h */ = {isa = PBXFileReference; fileEncoding = 4; lastKnownFileType = sourcecode.c.h; name = "NSData+SHA1.h"; path = "Source/Category/NSData/NSData+SHA1.h"; sourceTree = "<group>"; };
		F575BBFA10C12799000458EB /* NSData+SHA1.m */ = {isa = PBXFileReference; fileEncoding = 4; lastKnownFileType = sourcecode.c.objc; name = "NSData+SHA1.m"; path = "Source/Category/NSData/NSData+SHA1.m"; sourceTree = "<group>"; };
		F575BC6610C136E9000458EB /* GITObjectHash.rb */ = {isa = PBXFileReference; fileEncoding = 4; lastKnownFileType = text.script.ruby; path = GITObjectHash.rb; sourceTree = "<group>"; };
		F575BCFD10C1B0ED000458EB /* DocSet-Info.plist */ = {isa = PBXFileReference; fileEncoding = 4; lastKnownFileType = text.plist.xml; name = "DocSet-Info.plist"; path = "Resource/DocSet-Info.plist"; sourceTree = "<group>"; };
		F57EAA2010CDDB2500EE2103 /* GITObject.h */ = {isa = PBXFileReference; fileEncoding = 4; lastKnownFileType = sourcecode.c.h; name = GITObject.h; path = Source/GITObject.h; sourceTree = "<group>"; };
		F57EAA2110CDDB2500EE2103 /* GITObject.m */ = {isa = PBXFileReference; fileEncoding = 4; lastKnownFileType = sourcecode.c.objc; name = GITObject.m; path = Source/GITObject.m; sourceTree = "<group>"; };
		F57EAA3B10CDDFAA00EE2103 /* NSData+Compression.h */ = {isa = PBXFileReference; fileEncoding = 4; lastKnownFileType = sourcecode.c.h; name = "NSData+Compression.h"; path = "Source/Category/NSData/NSData+Compression.h"; sourceTree = "<group>"; };
		F57EAA3C10CDDFAA00EE2103 /* NSData+Compression.m */ = {isa = PBXFileReference; fileEncoding = 4; lastKnownFileType = sourcecode.c.objc; name = "NSData+Compression.m"; path = "Source/Category/NSData/NSData+Compression.m"; sourceTree = "<group>"; };
		F57EAA5210CDE2FB00EE2103 /* libz.dylib */ = {isa = PBXFileReference; lastKnownFileType = "compiled.mach-o.dylib"; name = libz.dylib; path = usr/lib/libz.dylib; sourceTree = SDKROOT; };
		F57EAA6510CDF45300EE2103 /* NSData+DeltaPatching.h */ = {isa = PBXFileReference; fileEncoding = 4; lastKnownFileType = sourcecode.c.h; name = "NSData+DeltaPatching.h"; path = "Source/Category/NSData/NSData+DeltaPatching.h"; sourceTree = "<group>"; };
		F57EAA6610CDF45300EE2103 /* NSData+DeltaPatching.m */ = {isa = PBXFileReference; fileEncoding = 4; lastKnownFileType = sourcecode.c.objc; name = "NSData+DeltaPatching.m"; path = "Source/Category/NSData/NSData+DeltaPatching.m"; sourceTree = "<group>"; };
		F57EAB8C10D0082600EE2103 /* BridgeSupport */ = {isa = PBXFileReference; lastKnownFileType = folder; name = BridgeSupport; path = Resource/BridgeSupport; sourceTree = "<group>"; };
		F593ABD0117EDEF400B9DEB0 /* Git.h */ = {isa = PBXFileReference; explicitFileType = sourcecode.c.h; fileEncoding = 4; name = Git.h; path = Source/Git.h; sourceTree = "<group>"; };
		F594CB2511864CE500E82F38 /* GITGraph.h */ = {isa = PBXFileReference; explicitFileType = sourcecode.c.h; fileEncoding = 4; name = GITGraph.h; path = Source/GITGraph.h; sourceTree = "<group>"; };
		F594CB2611864CE500E82F38 /* GITGraph.m */ = {isa = PBXFileReference; fileEncoding = 4; lastKnownFileType = sourcecode.c.objc; name = GITGraph.m; path = Source/GITGraph.m; sourceTree = "<group>"; };
		F594CB29118777C800E82F38 /* GITGraphNode.h */ = {isa = PBXFileReference; explicitFileType = sourcecode.c.h; fileEncoding = 4; name = GITGraphNode.h; path = Source/GITGraphNode.h; sourceTree = "<group>"; };
		F594CB2A118777C800E82F38 /* GITGraphNode.m */ = {isa = PBXFileReference; fileEncoding = 4; lastKnownFileType = sourcecode.c.objc; name = GITGraphNode.m; path = Source/GITGraphNode.m; sourceTree = "<group>"; };
		F599A8CF105EFCE8003CD1C0 /* GITRepo.h */ = {isa = PBXFileReference; fileEncoding = 4; lastKnownFileType = sourcecode.c.h; name = GITRepo.h; path = Source/GITRepo.h; sourceTree = "<group>"; };
		F599A8D0105EFCE8003CD1C0 /* GITRepo.m */ = {isa = PBXFileReference; fileEncoding = 4; lastKnownFileType = sourcecode.c.objc; name = GITRepo.m; path = Source/GITRepo.m; sourceTree = "<group>"; };
		F599A9FA10601ECA003CD1C0 /* Foundation.framework */ = {isa = PBXFileReference; lastKnownFileType = wrapper.framework; name = Foundation.framework; path = System/Library/Frameworks/Foundation.framework; sourceTree = SDKROOT; };
		F599AA8C1060264D003CD1C0 /* assertions.h */ = {isa = PBXFileReference; fileEncoding = 4; lastKnownFileType = sourcecode.c.h; path = assertions.h; sourceTree = "<group>"; };
		F599AA8D1060264D003CD1C0 /* assertions.m */ = {isa = PBXFileReference; fileEncoding = 4; lastKnownFileType = sourcecode.c.objc; path = assertions.m; sourceTree = "<group>"; };
		F599AA8E1060264D003CD1C0 /* NSError-OBExtensions.h */ = {isa = PBXFileReference; fileEncoding = 4; lastKnownFileType = sourcecode.c.h; path = "NSError-OBExtensions.h"; sourceTree = "<group>"; };
		F599AA8F1060264D003CD1C0 /* NSError-OBExtensions.m */ = {isa = PBXFileReference; fileEncoding = 4; lastKnownFileType = sourcecode.c.objc; path = "NSError-OBExtensions.m"; sourceTree = "<group>"; };
		F599AA901060264D003CD1C0 /* OBBacktraceBuffer.h */ = {isa = PBXFileReference; fileEncoding = 4; lastKnownFileType = sourcecode.c.h; path = OBBacktraceBuffer.h; sourceTree = "<group>"; };
		F599AA911060264D003CD1C0 /* OBBacktraceBuffer.m */ = {isa = PBXFileReference; fileEncoding = 4; lastKnownFileType = sourcecode.c.objc; path = OBBacktraceBuffer.m; sourceTree = "<group>"; };
		F599AA921060264D003CD1C0 /* OBError.h */ = {isa = PBXFileReference; fileEncoding = 4; lastKnownFileType = sourcecode.c.h; path = OBError.h; sourceTree = "<group>"; };
		F599AA931060264D003CD1C0 /* OBError.m */ = {isa = PBXFileReference; fileEncoding = 4; lastKnownFileType = sourcecode.c.objc; path = OBError.m; sourceTree = "<group>"; };
		F599AA941060264D003CD1C0 /* objc.h */ = {isa = PBXFileReference; fileEncoding = 4; lastKnownFileType = sourcecode.c.h; path = objc.h; sourceTree = "<group>"; };
		F599AA951060264D003CD1C0 /* OBUtilities.h */ = {isa = PBXFileReference; fileEncoding = 4; lastKnownFileType = sourcecode.c.h; path = OBUtilities.h; sourceTree = "<group>"; };
		F599AA961060264D003CD1C0 /* OBUtilities.m */ = {isa = PBXFileReference; fileEncoding = 4; lastKnownFileType = sourcecode.c.objc; path = OBUtilities.m; sourceTree = "<group>"; };
		F599AAA4106026ED003CD1C0 /* GITError.h */ = {isa = PBXFileReference; fileEncoding = 4; lastKnownFileType = sourcecode.c.h; name = GITError.h; path = Source/GITError.h; sourceTree = "<group>"; };
		F599AAA5106026ED003CD1C0 /* GITError.m */ = {isa = PBXFileReference; fileEncoding = 4; lastKnownFileType = sourcecode.c.objc; name = GITError.m; path = Source/GITError.m; sourceTree = "<group>"; };
		F5A6C954108A0DFB00E9B1C7 /* GITBranch.h */ = {isa = PBXFileReference; fileEncoding = 4; lastKnownFileType = sourcecode.c.h; name = GITBranch.h; path = Source/GITBranch.h; sourceTree = "<group>"; };
		F5A6C955108A0DFB00E9B1C7 /* GITBranch.m */ = {isa = PBXFileReference; fileEncoding = 4; lastKnownFileType = sourcecode.c.objc; name = GITBranch.m; path = Source/GITBranch.m; sourceTree = "<group>"; };
		F5A6C98B108A8BD300E9B1C7 /* GITBranch.rb */ = {isa = PBXFileReference; fileEncoding = 4; lastKnownFileType = text.script.ruby; path = GITBranch.rb; sourceTree = "<group>"; };
		F5AA6AC41078C864001110FE /* GITPackedRefsEnumerator.h */ = {isa = PBXFileReference; fileEncoding = 4; lastKnownFileType = sourcecode.c.h; name = GITPackedRefsEnumerator.h; path = Source/GITPackedRefsEnumerator.h; sourceTree = "<group>"; };
		F5AA6AC51078C864001110FE /* GITPackedRefsEnumerator.m */ = {isa = PBXFileReference; fileEncoding = 4; lastKnownFileType = sourcecode.c.objc; name = GITPackedRefsEnumerator.m; path = Source/GITPackedRefsEnumerator.m; sourceTree = "<group>"; };
		F5AA6B0B1078E11E001110FE /* GITPackedRefsEnumerator.rb */ = {isa = PBXFileReference; fileEncoding = 4; lastKnownFileType = text.script.ruby; path = GITPackedRefsEnumerator.rb; sourceTree = "<group>"; };
		F5AC4DED106C501D0083212A /* NSData+Searching.h */ = {isa = PBXFileReference; fileEncoding = 4; lastKnownFileType = sourcecode.c.h; name = "NSData+Searching.h"; path = "Source/Category/NSData/NSData+Searching.h"; sourceTree = "<group>"; };
		F5AC4DEE106C501D0083212A /* NSData+Searching.m */ = {isa = PBXFileReference; fileEncoding = 4; lastKnownFileType = sourcecode.c.objc; name = "NSData+Searching.m"; path = "Source/Category/NSData/NSData+Searching.m"; sourceTree = "<group>"; };
		F5AC4E31107179770083212A /* GITRefResolver.rb */ = {isa = PBXFileReference; fileEncoding = 4; lastKnownFileType = text.script.ruby; path = GITRefResolver.rb; sourceTree = "<group>"; };
		F5AC4E4C1072BF940083212A /* GITRef.rb */ = {isa = PBXFileReference; fileEncoding = 4; lastKnownFileType = text.script.ruby; path = GITRef.rb; sourceTree = "<group>"; };
		F5B28C6310D1CAE1009A933C /* GITPackFile.rb */ = {isa = PBXFileReference; fileEncoding = 4; lastKnownFileType = text.script.ruby; path = GITPackFile.rb; sourceTree = "<group>"; };
		F5B28C6410D1CAE1009A933C /* GITPackObject.rb */ = {isa = PBXFileReference; fileEncoding = 4; lastKnownFileType = text.script.ruby; path = GITPackObject.rb; sourceTree = "<group>"; };
		F5B28C6510D1CAE1009A933C /* GITPackReverseIndex.rb */ = {isa = PBXFileReference; fileEncoding = 4; lastKnownFileType = text.script.ruby; path = GITPackReverseIndex.rb; sourceTree = "<group>"; };
		F5B28C6610D47980009A933C /* GITCommit.h */ = {isa = PBXFileReference; fileEncoding = 4; lastKnownFileType = sourcecode.c.h; name = GITCommit.h; path = Source/GITCommit.h; sourceTree = "<group>"; };
		F5B28C6710D47980009A933C /* GITCommit.m */ = {isa = PBXFileReference; fileEncoding = 4; lastKnownFileType = sourcecode.c.objc; name = GITCommit.m; path = Source/GITCommit.m; sourceTree = "<group>"; };
		F5B28C6A10D4798F009A933C /* GITTree.h */ = {isa = PBXFileReference; fileEncoding = 4; lastKnownFileType = sourcecode.c.h; name = GITTree.h; path = Source/GITTree.h; sourceTree = "<group>"; };
		F5B28C6B10D4798F009A933C /* GITTree.m */ = {isa = PBXFileReference; fileEncoding = 4; lastKnownFileType = sourcecode.c.objc; name = GITTree.m; path = Source/GITTree.m; sourceTree = "<group>"; };
		F5B28C6E10D4799E009A933C /* GITBlob.h */ = {isa = PBXFileReference; fileEncoding = 4; lastKnownFileType = sourcecode.c.h; name = GITBlob.h; path = Source/GITBlob.h; sourceTree = "<group>"; };
		F5B28C6F10D4799E009A933C /* GITBlob.m */ = {isa = PBXFileReference; fileEncoding = 4; lastKnownFileType = sourcecode.c.objc; name = GITBlob.m; path = Source/GITBlob.m; sourceTree = "<group>"; };
		F5B28C7210D479AE009A933C /* GITTag.h */ = {isa = PBXFileReference; fileEncoding = 4; lastKnownFileType = sourcecode.c.h; name = GITTag.h; path = Source/GITTag.h; sourceTree = "<group>"; };
		F5B28C7310D479AE009A933C /* GITTag.m */ = {isa = PBXFileReference; fileEncoding = 4; lastKnownFileType = sourcecode.c.objc; name = GITTag.m; path = Source/GITTag.m; sourceTree = "<group>"; };
		F5BBC1921062F02500EF21A8 /* repos.dmg */ = {isa = PBXFileReference; lastKnownFileType = file; path = repos.dmg; sourceTree = "<group>"; };
		F5BBC1931062F02500EF21A8 /* TestHelper.rb */ = {isa = PBXFileReference; fileEncoding = 4; lastKnownFileType = text.script.ruby; path = TestHelper.rb; sourceTree = "<group>"; };
		F5BBC1951062F02500EF21A8 /* GITRepo.rb */ = {isa = PBXFileReference; fileEncoding = 4; lastKnownFileType = text.script.ruby; path = GITRepo.rb; sourceTree = "<group>"; };
		F5BBC1A41063753400EF21A8 /* GITRefResolver.h */ = {isa = PBXFileReference; fileEncoding = 4; lastKnownFileType = sourcecode.c.h; name = GITRefResolver.h; path = Source/GITRefResolver.h; sourceTree = "<group>"; };
		F5BBC1A51063753400EF21A8 /* GITRefResolver.m */ = {isa = PBXFileReference; fileEncoding = 4; lastKnownFileType = sourcecode.c.objc; name = GITRefResolver.m; path = Source/GITRefResolver.m; sourceTree = "<group>"; };
		F5BBC1DC10659C3100EF21A8 /* GITRef.h */ = {isa = PBXFileReference; fileEncoding = 4; lastKnownFileType = sourcecode.c.h; name = GITRef.h; path = Source/GITRef.h; sourceTree = "<group>"; };
		F5BBC1DD10659C3100EF21A8 /* GITRef.m */ = {isa = PBXFileReference; fileEncoding = 4; lastKnownFileType = sourcecode.c.objc; name = GITRef.m; path = Source/GITRef.m; sourceTree = "<group>"; };
		F5C7EB1210D53BC000B77179 /* GITObject+Parsing.h */ = {isa = PBXFileReference; fileEncoding = 4; lastKnownFileType = sourcecode.c.h; name = "GITObject+Parsing.h"; path = "Source/GITObject+Parsing.h"; sourceTree = "<group>"; };
		F5C7EB1310D53BC000B77179 /* GITObject+Parsing.m */ = {isa = PBXFileReference; fileEncoding = 4; lastKnownFileType = sourcecode.c.objc; name = "GITObject+Parsing.m"; path = "Source/GITObject+Parsing.m"; sourceTree = "<group>"; };
		F5C7EB5610D5C5C500B77179 /* GITTreeItem.h */ = {isa = PBXFileReference; fileEncoding = 4; lastKnownFileType = sourcecode.c.h; name = GITTreeItem.h; path = Source/GITTreeItem.h; sourceTree = "<group>"; };
		F5C7EB5710D5C5C500B77179 /* GITTreeItem.m */ = {isa = PBXFileReference; fileEncoding = 4; lastKnownFileType = sourcecode.c.objc; name = GITTreeItem.m; path = Source/GITTreeItem.m; sourceTree = "<group>"; };
		F5D0136310A5C415003EFA8F /* GITPackFile.h */ = {isa = PBXFileReference; fileEncoding = 4; lastKnownFileType = sourcecode.c.h; name = GITPackFile.h; path = Source/GITPackFile.h; sourceTree = "<group>"; };
		F5D0136410A5C415003EFA8F /* GITPackFile.m */ = {isa = PBXFileReference; fileEncoding = 4; lastKnownFileType = sourcecode.c.objc; name = GITPackFile.m; path = Source/GITPackFile.m; sourceTree = "<group>"; };
		F5D0136710A5C836003EFA8F /* GITPackFilePlaceholder.h */ = {isa = PBXFileReference; fileEncoding = 4; lastKnownFileType = sourcecode.c.h; name = GITPackFilePlaceholder.h; path = Source/GITPackFilePlaceholder.h; sourceTree = "<group>"; };
		F5D0136810A5C836003EFA8F /* GITPackFilePlaceholder.m */ = {isa = PBXFileReference; fileEncoding = 4; lastKnownFileType = sourcecode.c.objc; name = GITPackFilePlaceholder.m; path = Source/GITPackFilePlaceholder.m; sourceTree = "<group>"; };
		F5D0136F10A5DA9B003EFA8F /* GITPackFileVersionTwo.h */ = {isa = PBXFileReference; fileEncoding = 4; lastKnownFileType = sourcecode.c.h; name = GITPackFileVersionTwo.h; path = Source/GITPackFileVersionTwo.h; sourceTree = "<group>"; };
		F5D0137010A5DA9B003EFA8F /* GITPackFileVersionTwo.m */ = {isa = PBXFileReference; fileEncoding = 4; lastKnownFileType = sourcecode.c.objc; name = GITPackFileVersionTwo.m; path = Source/GITPackFileVersionTwo.m; sourceTree = "<group>"; };
		F5FC28C110A6301D00EFB922 /* GITPackIndex.h */ = {isa = PBXFileReference; fileEncoding = 4; lastKnownFileType = sourcecode.c.h; name = GITPackIndex.h; path = Source/GITPackIndex.h; sourceTree = "<group>"; };
		F5FC28C210A6301D00EFB922 /* GITPackIndex.m */ = {isa = PBXFileReference; fileEncoding = 4; lastKnownFileType = sourcecode.c.objc; name = GITPackIndex.m; path = Source/GITPackIndex.m; sourceTree = "<group>"; };
		F5FC28C510A630A900EFB922 /* GITPackIndexPlaceholder.h */ = {isa = PBXFileReference; fileEncoding = 4; lastKnownFileType = sourcecode.c.h; name = GITPackIndexPlaceholder.h; path = Source/GITPackIndexPlaceholder.h; sourceTree = "<group>"; };
		F5FC28C610A630A900EFB922 /* GITPackIndexPlaceholder.m */ = {isa = PBXFileReference; fileEncoding = 4; lastKnownFileType = sourcecode.c.objc; name = GITPackIndexPlaceholder.m; path = Source/GITPackIndexPlaceholder.m; sourceTree = "<group>"; };
		F5FC28C910A6393100EFB922 /* GITPackIndexVersionOne.h */ = {isa = PBXFileReference; fileEncoding = 4; lastKnownFileType = sourcecode.c.h; name = GITPackIndexVersionOne.h; path = Source/GITPackIndexVersionOne.h; sourceTree = "<group>"; };
		F5FC28CA10A6393100EFB922 /* GITPackIndexVersionOne.m */ = {isa = PBXFileReference; fileEncoding = 4; lastKnownFileType = sourcecode.c.objc; name = GITPackIndexVersionOne.m; path = Source/GITPackIndexVersionOne.m; sourceTree = "<group>"; };
		F5FC28D010A63ACD00EFB922 /* GITPackIndexVersionTwo.h */ = {isa = PBXFileReference; fileEncoding = 4; lastKnownFileType = sourcecode.c.h; name = GITPackIndexVersionTwo.h; path = Source/GITPackIndexVersionTwo.h; sourceTree = "<group>"; };
		F5FC28D110A63ACD00EFB922 /* GITPackIndexVersionTwo.m */ = {isa = PBXFileReference; fileEncoding = 4; lastKnownFileType = sourcecode.c.objc; name = GITPackIndexVersionTwo.m; path = Source/GITPackIndexVersionTwo.m; sourceTree = "<group>"; };
		F5FC294910A784B900EFB922 /* GITObjectHash.h */ = {isa = PBXFileReference; fileEncoding = 4; lastKnownFileType = sourcecode.c.h; name = GITObjectHash.h; path = Source/GITObjectHash.h; sourceTree = "<group>"; };
		F5FC294A10A784B900EFB922 /* GITObjectHash.m */ = {isa = PBXFileReference; fileEncoding = 4; lastKnownFileType = sourcecode.c.objc; name = GITObjectHash.m; path = Source/GITObjectHash.m; sourceTree = "<group>"; };
/* End PBXFileReference section */

/* Begin PBXFrameworksBuildPhase section */
		8DC2EF560486A6940098B216 /* Frameworks */ = {
			isa = PBXFrameworksBuildPhase;
			buildActionMask = 2147483647;
			files = (
				F599A9FB10601ECA003CD1C0 /* Foundation.framework in Frameworks */,
				F57EAA5310CDE2FB00EE2103 /* libz.dylib in Frameworks */,
			);
			runOnlyForDeploymentPostprocessing = 0;
		};
		F54022521180DB370039933F /* Frameworks */ = {
			isa = PBXFrameworksBuildPhase;
			buildActionMask = 2147483647;
			files = (
				F540229C1180DC560039933F /* libz.dylib in Frameworks */,
				F540235E1180E6BA0039933F /* Foundation.framework in Frameworks */,
			);
			runOnlyForDeploymentPostprocessing = 0;
		};
/* End PBXFrameworksBuildPhase section */

/* Begin PBXGroup section */
		034768DFFF38A50411DB9C8B /* Products */ = {
			isa = PBXGroup;
			children = (
				8DC2EF5B0486A6940098B216 /* Git.framework */,
				F54022541180DB370039933F /* libGit.a */,
			);
			name = Products;
			sourceTree = "<group>";
		};
		0867D691FE84028FC02AAC07 /* Git */ = {
			isa = PBXGroup;
			children = (
				F5BBC18E1062F02500EF21A8 /* Test */,
				08FB77AEFE84172EC02AAC07 /* Classes */,
				32C88DFF0371C24200C91783 /* Other Sources */,
				089C1665FE841158C02AAC07 /* Resources */,
				0867D69AFE84028FC02AAC07 /* External Frameworks and Libraries */,
				034768DFFF38A50411DB9C8B /* Products */,
				F599A8FB10601E9E003CD1C0 /* Vendor */,
			);
			name = Git;
			sourceTree = "<group>";
		};
		0867D69AFE84028FC02AAC07 /* External Frameworks and Libraries */ = {
			isa = PBXGroup;
			children = (
				1058C7B0FEA5585E11CA2CBB /* Linked Frameworks */,
				1058C7B2FEA5585E11CA2CBB /* Other Frameworks */,
			);
			name = "External Frameworks and Libraries";
			sourceTree = "<group>";
		};
		089C1665FE841158C02AAC07 /* Resources */ = {
			isa = PBXGroup;
			children = (
				F57EAB8C10D0082600EE2103 /* BridgeSupport */,
				8DC2EF5A0486A6940098B216 /* Info.plist */,
				089C1666FE841158C02AAC07 /* InfoPlist.strings */,
				F575BCFD10C1B0ED000458EB /* DocSet-Info.plist */,
			);
			name = Resources;
			sourceTree = "<group>";
		};
		08FB77AEFE84172EC02AAC07 /* Classes */ = {
			isa = PBXGroup;
			children = (
				F5FC28CD10A63A6700EFB922 /* GITPackFile */,
				F5FC28CF10A63A7800EFB922 /* GITPackIndex */,
				F599A8CF105EFCE8003CD1C0 /* GITRepo.h */,
				F599A8D0105EFCE8003CD1C0 /* GITRepo.m */,
				F5BBC1A41063753400EF21A8 /* GITRefResolver.h */,
				F5BBC1A51063753400EF21A8 /* GITRefResolver.m */,
				F5BBC1DC10659C3100EF21A8 /* GITRef.h */,
				F5BBC1DD10659C3100EF21A8 /* GITRef.m */,
				F5AA6AC41078C864001110FE /* GITPackedRefsEnumerator.h */,
				F5AA6AC51078C864001110FE /* GITPackedRefsEnumerator.m */,
				F5A6C954108A0DFB00E9B1C7 /* GITBranch.h */,
				F5A6C955108A0DFB00E9B1C7 /* GITBranch.m */,
				F5FC294910A784B900EFB922 /* GITObjectHash.h */,
				F5FC294A10A784B900EFB922 /* GITObjectHash.m */,
				F5124D9410CC8A2C002B834B /* GITPackObject.h */,
				F5124D9510CC8A2C002B834B /* GITPackObject.m */,
				F57EAA2010CDDB2500EE2103 /* GITObject.h */,
				F57EAA2110CDDB2500EE2103 /* GITObject.m */,
				F5B28C6610D47980009A933C /* GITCommit.h */,
				F5B28C6710D47980009A933C /* GITCommit.m */,
				F5B28C6A10D4798F009A933C /* GITTree.h */,
				F5B28C6B10D4798F009A933C /* GITTree.m */,
				F5B28C6E10D4799E009A933C /* GITBlob.h */,
				F5B28C6F10D4799E009A933C /* GITBlob.m */,
				F5B28C7210D479AE009A933C /* GITTag.h */,
				F5B28C7310D479AE009A933C /* GITTag.m */,
				F5C7EB1210D53BC000B77179 /* GITObject+Parsing.h */,
				F5C7EB1310D53BC000B77179 /* GITObject+Parsing.m */,
				F5C7EB5610D5C5C500B77179 /* GITTreeItem.h */,
				F5C7EB5710D5C5C500B77179 /* GITTreeItem.m */,
				F5706D4A10FA1E5600DCA823 /* GITActor.h */,
				F5706D4B10FA1E5600DCA823 /* GITActor.m */,
				F5706D5810FA28F600DCA823 /* GITDateTime.h */,
				F5706D5910FA28F600DCA823 /* GITDateTime.m */,
				F5706DA010FA7C2C00DCA823 /* GITActor+Parsing.h */,
				F5706DA110FA7C2C00DCA823 /* GITActor+Parsing.m */,
				F553A86E10FFDD80007799A9 /* GITLooseObject.h */,
				F553A86F10FFDD80007799A9 /* GITLooseObject.m */,
				F52D57F6111DA4FC005A461E /* GITCommitEnumerator.h */,
				F52D57F7111DA4FC005A461E /* GITCommitEnumerator.m */,
				F594CB2511864CE500E82F38 /* GITGraph.h */,
				F594CB2611864CE500E82F38 /* GITGraph.m */,
				F594CB29118777C800E82F38 /* GITGraphNode.h */,
				F594CB2A118777C800E82F38 /* GITGraphNode.m */,
			);
			name = Classes;
			sourceTree = "<group>";
		};
		1058C7B0FEA5585E11CA2CBB /* Linked Frameworks */ = {
			isa = PBXGroup;
			children = (
				F57EAA5210CDE2FB00EE2103 /* libz.dylib */,
				F599A9FA10601ECA003CD1C0 /* Foundation.framework */,
			);
			name = "Linked Frameworks";
			sourceTree = "<group>";
		};
		1058C7B2FEA5585E11CA2CBB /* Other Frameworks */ = {
			isa = PBXGroup;
			children = (
			);
			name = "Other Frameworks";
			sourceTree = "<group>";
		};
		32C88DFF0371C24200C91783 /* Other Sources */ = {
			isa = PBXGroup;
			children = (
				F5AC4DEC106C50040083212A /* Category */,
				32DBCF5E0370ADEE00C91783 /* Git_Prefix.pch */,
				F599AAA4106026ED003CD1C0 /* GITError.h */,
				F599AAA5106026ED003CD1C0 /* GITError.m */,
				F593ABD0117EDEF400B9DEB0 /* Git.h */,
			);
			name = "Other Sources";
			sourceTree = "<group>";
		};
		F5124D5B10CC53DC002B834B /* NSRange */ = {
			isa = PBXGroup;
			children = (
				F5124D5C10CC5423002B834B /* NSRangeEnd.h */,
				F5124D5D10CC5423002B834B /* NSRangeEnd.m */,
			);
			name = NSRange;
			sourceTree = "<group>";
		};
		F5706D6110FA319300DCA823 /* NSTimeZone */ = {
			isa = PBXGroup;
			children = (
				F5706D6210FA319300DCA823 /* NSTimeZone+Offset.h */,
				F5706D6310FA319300DCA823 /* NSTimeZone+Offset.m */,
			);
			name = NSTimeZone;
			path = Source/Category/NSTimeZone;
			sourceTree = "<group>";
		};
		F599A8FB10601E9E003CD1C0 /* Vendor */ = {
			isa = PBXGroup;
			children = (
				F599AA7D10601EE2003CD1C0 /* OmniGroup */,
			);
			path = Vendor;
			sourceTree = "<group>";
		};
		F599AA7D10601EE2003CD1C0 /* OmniGroup */ = {
			isa = PBXGroup;
			children = (
				F599AA8B1060264D003CD1C0 /* OmniBase */,
			);
			path = OmniGroup;
			sourceTree = "<group>";
		};
		F599AA8B1060264D003CD1C0 /* OmniBase */ = {
			isa = PBXGroup;
			children = (
				F599AA8C1060264D003CD1C0 /* assertions.h */,
				F599AA8D1060264D003CD1C0 /* assertions.m */,
				F599AA8E1060264D003CD1C0 /* NSError-OBExtensions.h */,
				F599AA8F1060264D003CD1C0 /* NSError-OBExtensions.m */,
				F599AA901060264D003CD1C0 /* OBBacktraceBuffer.h */,
				F599AA911060264D003CD1C0 /* OBBacktraceBuffer.m */,
				F599AA921060264D003CD1C0 /* OBError.h */,
				F599AA931060264D003CD1C0 /* OBError.m */,
				F599AA941060264D003CD1C0 /* objc.h */,
				F599AA951060264D003CD1C0 /* OBUtilities.h */,
				F599AA961060264D003CD1C0 /* OBUtilities.m */,
			);
			path = OmniBase;
			sourceTree = "<group>";
		};
		F5AC4DEC106C50040083212A /* Category */ = {
			isa = PBXGroup;
			children = (
				F5AC4DF1106C50230083212A /* NSData */,
				F5124D5B10CC53DC002B834B /* NSRange */,
				F5706D6110FA319300DCA823 /* NSTimeZone */,
			);
			name = Category;
			sourceTree = "<group>";
		};
		F5AC4DF1106C50230083212A /* NSData */ = {
			isa = PBXGroup;
			children = (
				F57EAA3B10CDDFAA00EE2103 /* NSData+Compression.h */,
				F57EAA3C10CDDFAA00EE2103 /* NSData+Compression.m */,
				F575BBF910C12799000458EB /* NSData+SHA1.h */,
				F575BBFA10C12799000458EB /* NSData+SHA1.m */,
				F5AC4DED106C501D0083212A /* NSData+Searching.h */,
				F5AC4DEE106C501D0083212A /* NSData+Searching.m */,
				F57EAA6510CDF45300EE2103 /* NSData+DeltaPatching.h */,
				F57EAA6610CDF45300EE2103 /* NSData+DeltaPatching.m */,
			);
			name = NSData;
			sourceTree = "<group>";
		};
		F5BBC18E1062F02500EF21A8 /* Test */ = {
			isa = PBXGroup;
			children = (
				F5BBC1911062F02500EF21A8 /* Resource */,
				F5BBC1931062F02500EF21A8 /* TestHelper.rb */,
				F5BBC1941062F02500EF21A8 /* Unit */,
			);
			path = Test;
			sourceTree = "<group>";
		};
		F5BBC1911062F02500EF21A8 /* Resource */ = {
			isa = PBXGroup;
			children = (
				F5BBC1921062F02500EF21A8 /* repos.dmg */,
			);
			path = Resource;
			sourceTree = "<group>";
		};
		F5BBC1941062F02500EF21A8 /* Unit */ = {
			isa = PBXGroup;
			children = (
				F5706DB010FAA25800DCA823 /* GITCommit.rb */,
				F5706D8410FA4E4B00DCA823 /* GITActor.rb */,
				F5706D8510FA4E4B00DCA823 /* GITBlob.rb */,
				F5706D8610FA4E4B00DCA823 /* GITDateTime.rb */,
				F5706D8710FA4E4B00DCA823 /* GITTree.rb */,
				F5B28C6310D1CAE1009A933C /* GITPackFile.rb */,
				F5B28C6410D1CAE1009A933C /* GITPackObject.rb */,
				F5B28C6510D1CAE1009A933C /* GITPackReverseIndex.rb */,
				F5124D3A10CB3F68002B834B /* GITPackIndex.rb */,
				F575BC6610C136E9000458EB /* GITObjectHash.rb */,
				F5A6C98B108A8BD300E9B1C7 /* GITBranch.rb */,
				F5AA6B0B1078E11E001110FE /* GITPackedRefsEnumerator.rb */,
				F5AC4E4C1072BF940083212A /* GITRef.rb */,
				F5AC4E31107179770083212A /* GITRefResolver.rb */,
				F5BBC1951062F02500EF21A8 /* GITRepo.rb */,
			);
			path = Unit;
			sourceTree = "<group>";
		};
		F5FC28CD10A63A6700EFB922 /* GITPackFile */ = {
			isa = PBXGroup;
			children = (
				F5D0136310A5C415003EFA8F /* GITPackFile.h */,
				F5D0136410A5C415003EFA8F /* GITPackFile.m */,
				F5D0136710A5C836003EFA8F /* GITPackFilePlaceholder.h */,
				F5D0136810A5C836003EFA8F /* GITPackFilePlaceholder.m */,
				F5D0136F10A5DA9B003EFA8F /* GITPackFileVersionTwo.h */,
				F5D0137010A5DA9B003EFA8F /* GITPackFileVersionTwo.m */,
				F553A8761101FACC007799A9 /* GITPackCollection.h */,
				F553A8771101FACC007799A9 /* GITPackCollection.m */,
			);
			name = GITPackFile;
			sourceTree = "<group>";
		};
		F5FC28CF10A63A7800EFB922 /* GITPackIndex */ = {
			isa = PBXGroup;
			children = (
				F5FC28C110A6301D00EFB922 /* GITPackIndex.h */,
				F5FC28C210A6301D00EFB922 /* GITPackIndex.m */,
				F5FC28C510A630A900EFB922 /* GITPackIndexPlaceholder.h */,
				F5FC28C610A630A900EFB922 /* GITPackIndexPlaceholder.m */,
				F5FC28C910A6393100EFB922 /* GITPackIndexVersionOne.h */,
				F5FC28CA10A6393100EFB922 /* GITPackIndexVersionOne.m */,
				F5FC28D010A63ACD00EFB922 /* GITPackIndexVersionTwo.h */,
				F5FC28D110A63ACD00EFB922 /* GITPackIndexVersionTwo.m */,
			);
			name = GITPackIndex;
			sourceTree = "<group>";
		};
/* End PBXGroup section */

/* Begin PBXHeadersBuildPhase section */
		8DC2EF500486A6940098B216 /* Headers */ = {
			isa = PBXHeadersBuildPhase;
			buildActionMask = 2147483647;
			files = (
				F599A8D1105EFCE8003CD1C0 /* GITRepo.h in Headers */,
				F599AA971060264D003CD1C0 /* assertions.h in Headers */,
				F599AA991060264D003CD1C0 /* NSError-OBExtensions.h in Headers */,
				F599AA9B1060264D003CD1C0 /* OBBacktraceBuffer.h in Headers */,
				F599AA9D1060264D003CD1C0 /* OBError.h in Headers */,
				F599AA9F1060264D003CD1C0 /* objc.h in Headers */,
				F599AAA01060264D003CD1C0 /* OBUtilities.h in Headers */,
				F599AAA6106026ED003CD1C0 /* GITError.h in Headers */,
				F5BBC1A61063753400EF21A8 /* GITRefResolver.h in Headers */,
				F5BBC1DE10659C3100EF21A8 /* GITRef.h in Headers */,
				F5AC4DEF106C501D0083212A /* NSData+Searching.h in Headers */,
				F5AA6AC61078C864001110FE /* GITPackedRefsEnumerator.h in Headers */,
				F5A6C956108A0DFB00E9B1C7 /* GITBranch.h in Headers */,
				F5D0136910A5C836003EFA8F /* GITPackFilePlaceholder.h in Headers */,
				F5D0137110A5DA9B003EFA8F /* GITPackFileVersionTwo.h in Headers */,
				F5FC28C310A6301D00EFB922 /* GITPackIndex.h in Headers */,
				F5FC28C710A630A900EFB922 /* GITPackIndexPlaceholder.h in Headers */,
				F5FC28CB10A6393100EFB922 /* GITPackIndexVersionOne.h in Headers */,
				F5FC28D210A63ACD00EFB922 /* GITPackIndexVersionTwo.h in Headers */,
				F5FC294B10A784B900EFB922 /* GITObjectHash.h in Headers */,
				F575BBFB10C12799000458EB /* NSData+SHA1.h in Headers */,
				F575BC5410C13215000458EB /* GITPackFile.h in Headers */,
				F5124D5E10CC5423002B834B /* NSRangeEnd.h in Headers */,
				F5124D9610CC8A2C002B834B /* GITPackObject.h in Headers */,
				F57EAA2210CDDB2500EE2103 /* GITObject.h in Headers */,
				F57EAA3D10CDDFAA00EE2103 /* NSData+Compression.h in Headers */,
				F57EAA6710CDF45300EE2103 /* NSData+DeltaPatching.h in Headers */,
				F5B28C6810D47980009A933C /* GITCommit.h in Headers */,
				F5B28C6C10D4798F009A933C /* GITTree.h in Headers */,
				F5B28C7010D4799E009A933C /* GITBlob.h in Headers */,
				F5B28C7410D479AE009A933C /* GITTag.h in Headers */,
				F5C7EB1410D53BC000B77179 /* GITObject+Parsing.h in Headers */,
				F5C7EB5810D5C5C500B77179 /* GITTreeItem.h in Headers */,
				F5706D4C10FA1E5600DCA823 /* GITActor.h in Headers */,
				F5706D5A10FA28F600DCA823 /* GITDateTime.h in Headers */,
				F5706D6410FA319300DCA823 /* NSTimeZone+Offset.h in Headers */,
				F5706DA210FA7C2C00DCA823 /* GITActor+Parsing.h in Headers */,
				F553A87010FFDD80007799A9 /* GITLooseObject.h in Headers */,
				F553A8781101FACC007799A9 /* GITPackCollection.h in Headers */,
				F52D57F8111DA4FC005A461E /* GITCommitEnumerator.h in Headers */,
				F593ABEC117EE28600B9DEB0 /* Git.h in Headers */,
			);
			runOnlyForDeploymentPostprocessing = 0;
		};
		F54022501180DB370039933F /* Headers */ = {
			isa = PBXHeadersBuildPhase;
			buildActionMask = 2147483647;
			files = (
				F540225E1180DC170039933F /* assertions.h in Headers */,
				F54022601180DC1C0039933F /* Git.h in Headers */,
				F54022621180DC1F0039933F /* GITActor+Parsing.h in Headers */,
				F54022641180DC210039933F /* GITActor.h in Headers */,
				F54022661180DC220039933F /* GITBlob.h in Headers */,
				F54022681180DC240039933F /* GITBranch.h in Headers */,
				F540226A1180DC260039933F /* GITCommit.h in Headers */,
				F540226C1180DC280039933F /* GITCommitEnumerator.h in Headers */,
				F540226E1180DC290039933F /* GITDateTime.h in Headers */,
				F54022701180DC2D0039933F /* GITError.h in Headers */,
				F54022721180DC2E0039933F /* GITLooseObject.h in Headers */,
				F54022741180DC300039933F /* GITObject+Parsing.h in Headers */,
				F54022761180DC310039933F /* GITObject.h in Headers */,
				F54022781180DC320039933F /* GITObjectHash.h in Headers */,
				F540227A1180DC350039933F /* GITPackCollection.h in Headers */,
				F540227C1180DC380039933F /* GITPackedRefsEnumerator.h in Headers */,
				F540227E1180DC390039933F /* GITPackFile.h in Headers */,
				F54022801180DC3B0039933F /* GITPackFilePlaceholder.h in Headers */,
				F54022821180DC3C0039933F /* GITPackFileVersionTwo.h in Headers */,
				F54022841180DC3D0039933F /* GITPackIndex.h in Headers */,
				F54022861180DC400039933F /* GITPackIndexPlaceholder.h in Headers */,
				F54022881180DC410039933F /* GITPackIndexVersionOne.h in Headers */,
				F540228A1180DC430039933F /* GITPackIndexVersionTwo.h in Headers */,
				F540228C1180DC450039933F /* GITPackObject.h in Headers */,
				F54022901180DC490039933F /* GITRef.h in Headers */,
				F54022921180DC4B0039933F /* GITRefResolver.h in Headers */,
				F54022941180DC4C0039933F /* GITRepo.h in Headers */,
				F54022961180DC4E0039933F /* GITTag.h in Headers */,
				F54022981180DC500039933F /* GITTree.h in Headers */,
				F540229A1180DC530039933F /* GITTreeItem.h in Headers */,
				F540229D1180DC570039933F /* NSData+Compression.h in Headers */,
				F540229F1180DC590039933F /* NSData+DeltaPatching.h in Headers */,
				F54022A11180DC5B0039933F /* NSData+Searching.h in Headers */,
				F54022A31180DC5C0039933F /* NSData+SHA1.h in Headers */,
				F54022A51180DC5D0039933F /* NSError-OBExtensions.h in Headers */,
				F54022A91180DC620039933F /* NSRangeEnd.h in Headers */,
				F54022AA1180DC630039933F /* NSTimeZone+Offset.h in Headers */,
				F54022AC1180DC640039933F /* OBBacktraceBuffer.h in Headers */,
				F54022AE1180DC660039933F /* OBError.h in Headers */,
				F54022B01180DC680039933F /* objc.h in Headers */,
				F54022B11180DC6A0039933F /* OBUtilities.h in Headers */,
			);
			runOnlyForDeploymentPostprocessing = 0;
		};
/* End PBXHeadersBuildPhase section */

/* Begin PBXNativeTarget section */
		8DC2EF4F0486A6940098B216 /* Git */ = {
			isa = PBXNativeTarget;
			buildConfigurationList = 1DEB91AD08733DA50010E9CD /* Build configuration list for PBXNativeTarget "Git" */;
			buildPhases = (
				8DC2EF500486A6940098B216 /* Headers */,
				8DC2EF520486A6940098B216 /* Resources */,
				8DC2EF540486A6940098B216 /* Sources */,
				8DC2EF560486A6940098B216 /* Frameworks */,
				F54B529F1104A2A90020F056 /* Set Info.plist Version */,
			);
			buildRules = (
			);
			dependencies = (
			);
			name = Git;
			productInstallPath = "$(HOME)/Library/Frameworks";
			productName = Git;
			productReference = 8DC2EF5B0486A6940098B216 /* Git.framework */;
			productType = "com.apple.product-type.framework";
		};
		F54022531180DB370039933F /* libGit */ = {
			isa = PBXNativeTarget;
			buildConfigurationList = F54022571180DB790039933F /* Build configuration list for PBXNativeTarget "libGit" */;
			buildPhases = (
				F54022501180DB370039933F /* Headers */,
				F54022511180DB370039933F /* Sources */,
				F54022521180DB370039933F /* Frameworks */,
			);
			buildRules = (
			);
			dependencies = (
			);
			name = libGit;
			productName = libGit;
			productReference = F54022541180DB370039933F /* libGit.a */;
			productType = "com.apple.product-type.library.static";
		};
/* End PBXNativeTarget section */

/* Begin PBXProject section */
		0867D690FE84028FC02AAC07 /* Project object */ = {
			isa = PBXProject;
			attributes = {
				ORGANIZATIONNAME = "Geoff Garside";
			};
			buildConfigurationList = 1DEB91B108733DA50010E9CD /* Build configuration list for PBXProject "Git" */;
			compatibilityVersion = "Xcode 3.1";
			hasScannedForEncodings = 1;
			mainGroup = 0867D691FE84028FC02AAC07 /* Git */;
			productRefGroup = 034768DFFF38A50411DB9C8B /* Products */;
			projectDirPath = "";
			projectRoot = "";
			targets = (
				8DC2EF4F0486A6940098B216 /* Git */,
				F5BBC17B1062EF1000EF21A8 /* Tests */,
				F5FC28EA10A649D000EFB922 /* Documentation */,
				F54022531180DB370039933F /* libGit */,
			);
		};
/* End PBXProject section */

/* Begin PBXResourcesBuildPhase section */
		8DC2EF520486A6940098B216 /* Resources */ = {
			isa = PBXResourcesBuildPhase;
			buildActionMask = 2147483647;
			files = (
				8DC2EF530486A6940098B216 /* InfoPlist.strings in Resources */,
				F57EAB8F10D0082600EE2103 /* BridgeSupport in Resources */,
			);
			runOnlyForDeploymentPostprocessing = 0;
		};
/* End PBXResourcesBuildPhase section */

/* Begin PBXShellScriptBuildPhase section */
		F54B529F1104A2A90020F056 /* Set Info.plist Version */ = {
			isa = PBXShellScriptBuildPhase;
			buildActionMask = 2147483647;
			files = (
			);
			inputPaths = (
			);
			name = "Set Info.plist Version";
			outputPaths = (
			);
			runOnlyForDeploymentPostprocessing = 0;
			shellPath = "/usr/bin/env ruby";
			shellScript = "# Xcode auto-versioning script for git by Andre Arko\n#   This script will set your CFBundleVersion number to the name of the most recent\n#   git tag, and include the current commit's distance from that tag and sha1 hash\n#\n# With tag \"v1.0\", and two commits since then, the build will be:\n#   v1.0 (b2 h12345)\n#\n# Create new tags with \"git tag <version> -m <message>\"\n#\n# based on the ruby script by Abizern which was\n# based on the git script by Marcus S. Zarra and Matt Long which was\n# based on the Subversion script by Axel Andersson\n\n# Uncomment to only run when doing a Release build\n# if ENV[\"BUILD_STYLE\"] != \"Release\"\n#   puts \"Not a Release build.\"\n#   exit\n# end\n\ngitnum = `/usr/bin/env git describe --long`.chomp.split(\"-\")\nversion = gitnum[0] + \" (b#{gitnum[1]} #{gitnum[2]})\"\n\ninfo_file = File.join(ENV['BUILT_PRODUCTS_DIR'], ENV['INFOPLIST_PATH'])\ninfo = File.open(info_file, \"r\").read\n\nversion_re = /([\\t ]+<key>CFBundleVersion<\\/key>\\n[\\t ]+<string>).*?(<\\/string>)/\ninfo =~ version_re\nbundle_version_string = $1 + version + $2\n\ninfo.gsub!(version_re, bundle_version_string)\nFile.open(info_file, \"w\") { |file| file.write(info) }\nputs \"Set version string to '#{version}'\"\n";
		};
		F5BBC17A1062EF1000EF21A8 /* Run MacRuby */ = {
			isa = PBXShellScriptBuildPhase;
			buildActionMask = 2147483647;
			files = (
			);
			inputPaths = (
			);
			name = "Run MacRuby";
			outputPaths = (
			);
			runOnlyForDeploymentPostprocessing = 0;
			shellPath = /usr/local/bin/macruby;
			shellScript = "require 'rubygems'\nrequire 'bacon'\nframework 'Git'\n\nBacon.extend Bacon::TestUnitOutput  # This doesn't seem to work at the moment, but its how we'd prefer it\nBacon.summary_on_exit\n\nrequire 'Test/TestHelper.rb'\n\npattern = ENV['TEST_PAT'].nil? ? nil : Regexp.new(\"#{ENV['TEST_PAT']}\")\nDir['Test/Unit/*.rb'].each do |testfile|\n  next if pattern && !pattern.match(testfile)\n  load testfile\nend\n";
			showEnvVarsInLog = 0;
		};
		F5FC28E910A649D000EFB922 /* ShellScript */ = {
			isa = PBXShellScriptBuildPhase;
			buildActionMask = 2147483647;
			files = (
			);
			inputPaths = (
			);
			outputPaths = (
			);
			runOnlyForDeploymentPostprocessing = 0;
			shellPath = /bin/sh;
			shellScript = "#  Build the doxygen documentation for the project and load the docset into Xcode.\n#  If the DOXYGEN_PATH is not correct for you please check the \"Get Info\" for this\n#  target, the majority of variables for this script have been defined there.\n#\n#  Use the following to adjust the value of the $DOXYGEN_PATH User-Defined Setting:\n#    Binary install location: /Applications/Doxygen.app/Contents/Resources/doxygen\n#    Source build install location: /usr/local/bin/doxygen\n#  If the config file doesn't exist, run 'doxygen -g $SOURCE_ROOT/doxygen.config' to \n#  a get default file.\n\nif [ -z $DOXYGEN_PATH -o -z $OUTPUT_DIRECTORY -o -z $INPUT_DIRECTORY ] ; then\n  echo \"DOXYGEN_PATH, OUTPUT_DIRECTORY and INPUT_DIRECTORY must be set in Documentation Target\"\n  exit 1\nfi\n\nPROJECT_NAME=${PROJECT_NAME}.framework\nPROJECT_NUMBER=$(git describe --long | cut -d\"-\" -f1)\n\ncat << EOF > $TEMP_DIR/doxygen.config\nPROJECT_NAME        = $PROJECT_NAME\nPROJECT_NUMBER      = $PROJECT_NUMBER\nOUTPUT_DIRECTORY    = $OUTPUT_DIRECTORY\nTAB_SIZE            = 4\nEXTRACT_ALL         = YES\nEXTRACT_PRIVATE     = YES\nEXTRACT_STATIC      = YES\nINPUT               = $INPUT_DIRECTORY\nRECURSIVE           = YES\nEXCLUDE             = $SRCROOT/.git $SRCROOT/build\nEXCLUDE_PATTERNS    = $EXCLUDE_PATTERNS\nEXCLUDE_SYMBOLS     = $EXCLUDE_SYMBOLS\nGENERATE_HTML       = NO\nDOCSET_FEEDNAME     = $DOCSET_FEEDNAME\nDOCSET_BUNDLE_ID    = $DOCSET_BUNDLE_ID\nSEARCHENGINE        = NO\nGENERATE_LATEX      = NO\nGENERATE_XML        = YES\nXML_OUTPUT          = tmp\nEOF\n\n$DOXYGEN_PATH $TEMP_DIR/doxygen.config\n$DOXYCLEAN/doxyclean.py -v -i $OUTPUT_DIRECTORY/tmp -o $OUTPUT_DIRECTORY -n \"$PROJECT_NAME\"\n\nexit 0\n";
		};
/* End PBXShellScriptBuildPhase section */

/* Begin PBXSourcesBuildPhase section */
		8DC2EF540486A6940098B216 /* Sources */ = {
			isa = PBXSourcesBuildPhase;
			buildActionMask = 2147483647;
			files = (
				F599A8D2105EFCE8003CD1C0 /* GITRepo.m in Sources */,
				F599AA981060264D003CD1C0 /* assertions.m in Sources */,
				F599AA9A1060264D003CD1C0 /* NSError-OBExtensions.m in Sources */,
				F599AA9C1060264D003CD1C0 /* OBBacktraceBuffer.m in Sources */,
				F599AA9E1060264D003CD1C0 /* OBError.m in Sources */,
				F599AAA11060264D003CD1C0 /* OBUtilities.m in Sources */,
				F599AAA7106026ED003CD1C0 /* GITError.m in Sources */,
				F5BBC1A71063753400EF21A8 /* GITRefResolver.m in Sources */,
				F5BBC1DF10659C3100EF21A8 /* GITRef.m in Sources */,
				F5AC4DF0106C501D0083212A /* NSData+Searching.m in Sources */,
				F5AA6AC71078C864001110FE /* GITPackedRefsEnumerator.m in Sources */,
				F5A6C957108A0DFB00E9B1C7 /* GITBranch.m in Sources */,
				F5D0136A10A5C836003EFA8F /* GITPackFilePlaceholder.m in Sources */,
				F5D0137210A5DA9B003EFA8F /* GITPackFileVersionTwo.m in Sources */,
				F5FC28C410A6301D00EFB922 /* GITPackIndex.m in Sources */,
				F5FC28C810A630A900EFB922 /* GITPackIndexPlaceholder.m in Sources */,
				F5FC28CC10A6393100EFB922 /* GITPackIndexVersionOne.m in Sources */,
				F5FC28D310A63ACD00EFB922 /* GITPackIndexVersionTwo.m in Sources */,
				F5FC294C10A784B900EFB922 /* GITObjectHash.m in Sources */,
				F575BBFC10C12799000458EB /* NSData+SHA1.m in Sources */,
				F575BC5310C13214000458EB /* GITPackFile.m in Sources */,
				F5124D5F10CC5423002B834B /* NSRangeEnd.m in Sources */,
				F5124D9710CC8A2C002B834B /* GITPackObject.m in Sources */,
				F57EAA2310CDDB2500EE2103 /* GITObject.m in Sources */,
				F57EAA3E10CDDFAA00EE2103 /* NSData+Compression.m in Sources */,
				F57EAA6810CDF45300EE2103 /* NSData+DeltaPatching.m in Sources */,
				F5B28C6910D47980009A933C /* GITCommit.m in Sources */,
				F5B28C6D10D4798F009A933C /* GITTree.m in Sources */,
				F5B28C7110D4799E009A933C /* GITBlob.m in Sources */,
				F5B28C7510D479AE009A933C /* GITTag.m in Sources */,
				F5C7EB1510D53BC000B77179 /* GITObject+Parsing.m in Sources */,
				F5C7EB5910D5C5C500B77179 /* GITTreeItem.m in Sources */,
				F5706D4D10FA1E5600DCA823 /* GITActor.m in Sources */,
				F5706D5B10FA28F600DCA823 /* GITDateTime.m in Sources */,
				F5706D6510FA319300DCA823 /* NSTimeZone+Offset.m in Sources */,
				F5706DA310FA7C2C00DCA823 /* GITActor+Parsing.m in Sources */,
				F553A87110FFDD80007799A9 /* GITLooseObject.m in Sources */,
				F553A8791101FACC007799A9 /* GITPackCollection.m in Sources */,
				F52D57F9111DA4FC005A461E /* GITCommitEnumerator.m in Sources */,
				F594CB2811864CE500E82F38 /* GITGraph.m in Sources */,
				F594CB2C118777C800E82F38 /* GITGraphNode.m in Sources */,
			);
			runOnlyForDeploymentPostprocessing = 0;
		};
		F54022511180DB370039933F /* Sources */ = {
			isa = PBXSourcesBuildPhase;
			buildActionMask = 2147483647;
			files = (
				F540225F1180DC170039933F /* assertions.m in Sources */,
				F54022631180DC200039933F /* GITActor+Parsing.m in Sources */,
				F54022651180DC210039933F /* GITActor.m in Sources */,
				F54022671180DC230039933F /* GITBlob.m in Sources */,
				F54022691180DC240039933F /* GITBranch.m in Sources */,
				F540226B1180DC270039933F /* GITCommit.m in Sources */,
				F540226D1180DC290039933F /* GITCommitEnumerator.m in Sources */,
				F540226F1180DC2A0039933F /* GITDateTime.m in Sources */,
				F54022711180DC2E0039933F /* GITError.m in Sources */,
				F54022731180DC2F0039933F /* GITLooseObject.m in Sources */,
				F54022751180DC300039933F /* GITObject+Parsing.m in Sources */,
				F54022771180DC320039933F /* GITObject.m in Sources */,
				F54022791180DC330039933F /* GITObjectHash.m in Sources */,
				F540227B1180DC360039933F /* GITPackCollection.m in Sources */,
				F540227D1180DC390039933F /* GITPackedRefsEnumerator.m in Sources */,
				F540227F1180DC3A0039933F /* GITPackFile.m in Sources */,
				F54022811180DC3C0039933F /* GITPackFilePlaceholder.m in Sources */,
				F54022831180DC3D0039933F /* GITPackFileVersionTwo.m in Sources */,
				F54022851180DC3E0039933F /* GITPackIndex.m in Sources */,
				F54022871180DC410039933F /* GITPackIndexPlaceholder.m in Sources */,
				F54022891180DC430039933F /* GITPackIndexVersionOne.m in Sources */,
				F540228B1180DC450039933F /* GITPackIndexVersionTwo.m in Sources */,
				F540228D1180DC460039933F /* GITPackObject.m in Sources */,
				F54022911180DC4A0039933F /* GITRef.m in Sources */,
				F54022931180DC4B0039933F /* GITRefResolver.m in Sources */,
				F54022951180DC4D0039933F /* GITRepo.m in Sources */,
				F54022971180DC4F0039933F /* GITTag.m in Sources */,
				F54022991180DC520039933F /* GITTree.m in Sources */,
				F540229B1180DC540039933F /* GITTreeItem.m in Sources */,
				F540229E1180DC580039933F /* NSData+Compression.m in Sources */,
				F54022A01180DC5A0039933F /* NSData+DeltaPatching.m in Sources */,
				F54022A21180DC5B0039933F /* NSData+Searching.m in Sources */,
				F54022A41180DC5D0039933F /* NSData+SHA1.m in Sources */,
				F54022A71180DC600039933F /* NSRangeEnd.m in Sources */,
				F54022A81180DC610039933F /* NSError-OBExtensions.m in Sources */,
				F54022AB1180DC630039933F /* NSTimeZone+Offset.m in Sources */,
				F54022AD1180DC650039933F /* OBBacktraceBuffer.m in Sources */,
				F54022AF1180DC660039933F /* OBError.m in Sources */,
				F54022B21180DC6B0039933F /* OBUtilities.m in Sources */,
			);
			runOnlyForDeploymentPostprocessing = 0;
		};
/* End PBXSourcesBuildPhase section */

/* Begin PBXTargetDependency section */
		F5BBC17F1062EF2800EF21A8 /* PBXTargetDependency */ = {
			isa = PBXTargetDependency;
			target = 8DC2EF4F0486A6940098B216 /* Git */;
			targetProxy = F5BBC17E1062EF2800EF21A8 /* PBXContainerItemProxy */;
		};
/* End PBXTargetDependency section */

/* Begin PBXVariantGroup section */
		089C1666FE841158C02AAC07 /* InfoPlist.strings */ = {
			isa = PBXVariantGroup;
			children = (
				089C1667FE841158C02AAC07 /* InfoPlist.strings */,
			);
			name = InfoPlist.strings;
			sourceTree = "<group>";
		};
/* End PBXVariantGroup section */

/* Begin XCBuildConfiguration section */
		1DEB91AE08733DA50010E9CD /* Debug */ = {
			isa = XCBuildConfiguration;
			buildSettings = {
				ALWAYS_SEARCH_USER_PATHS = NO;
				COPY_PHASE_STRIP = NO;
				DYLIB_COMPATIBILITY_VERSION = 1;
				DYLIB_CURRENT_VERSION = 1;
				FRAMEWORK_VERSION = A;
				GCC_DYNAMIC_NO_PIC = NO;
				GCC_ENABLE_FIX_AND_CONTINUE = YES;
				GCC_MODEL_TUNING = G5;
				GCC_OPTIMIZATION_LEVEL = 0;
				GCC_PRECOMPILE_PREFIX_HEADER = YES;
				GCC_PREFIX_HEADER = Source/Git_Prefix.pch;
				INFOPLIST_FILE = Resource/Info.plist;
				INSTALL_PATH = "@rpath";
				PRODUCT_NAME = Git;
				RUN_CLANG_STATIC_ANALYZER = YES;
				WRAPPER_EXTENSION = framework;
			};
			name = Debug;
		};
		1DEB91AF08733DA50010E9CD /* Release */ = {
			isa = XCBuildConfiguration;
			buildSettings = {
				ALWAYS_SEARCH_USER_PATHS = NO;
				DEBUG_INFORMATION_FORMAT = "dwarf-with-dsym";
				DYLIB_COMPATIBILITY_VERSION = 1;
				DYLIB_CURRENT_VERSION = 1;
				FRAMEWORK_VERSION = A;
				GCC_MODEL_TUNING = G5;
				GCC_PRECOMPILE_PREFIX_HEADER = YES;
				GCC_PREFIX_HEADER = Source/Git_Prefix.pch;
				INFOPLIST_FILE = Resource/Info.plist;
				INSTALL_PATH = "@rpath";
				PRODUCT_NAME = Git;
				RUN_CLANG_STATIC_ANALYZER = YES;
				WRAPPER_EXTENSION = framework;
			};
			name = Release;
		};
		1DEB91B208733DA50010E9CD /* Debug */ = {
			isa = XCBuildConfiguration;
			buildSettings = {
				ARCHS = "$(ARCHS_STANDARD_32_64_BIT)";
				BUNDLE_ID_PREFIX = uk.co.geoffgarside.framework;
				EXCLUDED_RECURSIVE_SEARCH_PATH_SUBDIRECTORIES = "*.nib *.lproj *.framework *.gch *.xcode* (*) CVS .svn .git";
				GCC_C_LANGUAGE_STANDARD = gnu99;
				GCC_ENABLE_OBJC_GC = supported;
				GCC_OPTIMIZATION_LEVEL = 0;
				GCC_VERSION = com.apple.compilers.llvmgcc42;
				GCC_WARN_ABOUT_RETURN_TYPE = YES;
				GCC_WARN_UNUSED_VARIABLE = YES;
				ONLY_ACTIVE_ARCH = YES;
				PREBINDING = NO;
				SDKROOT = macosx10.6;
			};
			name = Debug;
		};
		1DEB91B308733DA50010E9CD /* Release */ = {
			isa = XCBuildConfiguration;
			buildSettings = {
				ARCHS = "$(ARCHS_STANDARD_32_64_BIT)";
				BUNDLE_ID_PREFIX = uk.co.geoffgarside.framework;
				EXCLUDED_RECURSIVE_SEARCH_PATH_SUBDIRECTORIES = "*.nib *.lproj *.framework *.gch *.xcode* (*) CVS .svn .git";
				GCC_C_LANGUAGE_STANDARD = gnu99;
				GCC_ENABLE_OBJC_GC = supported;
				GCC_VERSION = com.apple.compilers.llvmgcc42;
				GCC_WARN_ABOUT_RETURN_TYPE = YES;
				GCC_WARN_UNUSED_VARIABLE = YES;
				PREBINDING = NO;
				SDKROOT = macosx10.6;
			};
			name = Release;
		};
		F54022551180DB370039933F /* Debug */ = {
			isa = XCBuildConfiguration;
			buildSettings = {
				ALWAYS_SEARCH_USER_PATHS = NO;
				COPY_PHASE_STRIP = NO;
				GCC_DYNAMIC_NO_PIC = NO;
				GCC_ENABLE_OBJC_GC = unsupported;
				GCC_OPTIMIZATION_LEVEL = 0;
				GCC_PRECOMPILE_PREFIX_HEADER = YES;
				GCC_PREFIX_HEADER = Source/Git_Prefix.pch;
				PREBINDING = NO;
				PRODUCT_NAME = Git;
				SDKROOT = iphoneos3.1.3;
			};
			name = Debug;
		};
		F54022561180DB370039933F /* Release */ = {
			isa = XCBuildConfiguration;
			buildSettings = {
				ALWAYS_SEARCH_USER_PATHS = NO;
				COPY_PHASE_STRIP = YES;
				DEBUG_INFORMATION_FORMAT = "dwarf-with-dsym";
				GCC_DYNAMIC_NO_PIC = NO;
				GCC_ENABLE_FIX_AND_CONTINUE = NO;
				GCC_ENABLE_OBJC_GC = unsupported;
				GCC_PRECOMPILE_PREFIX_HEADER = YES;
				GCC_PREFIX_HEADER = Source/Git_Prefix.pch;
				PREBINDING = NO;
				PRODUCT_NAME = Git;
				SDKROOT = iphoneos3.1.3;
				ZERO_LINK = NO;
			};
			name = Release;
		};
		F5BBC17C1062EF1000EF21A8 /* Debug */ = {
			isa = XCBuildConfiguration;
			buildSettings = {
				COPY_PHASE_STRIP = NO;
				DYLD_FRAMEWORK_PATH = $CONFIGURATION_BUILD_DIR;
				GCC_DYNAMIC_NO_PIC = NO;
				GCC_OPTIMIZATION_LEVEL = 0;
				PRODUCT_NAME = Tests;
				TEST_VOLUME = $CONFIGURATION_TEMP_DIR/TestVol;
			};
			name = Debug;
		};
		F5BBC17D1062EF1000EF21A8 /* Release */ = {
			isa = XCBuildConfiguration;
			buildSettings = {
				COPY_PHASE_STRIP = YES;
				DEBUG_INFORMATION_FORMAT = "dwarf-with-dsym";
				DYLD_FRAMEWORK_PATH = $CONFIGURATION_BUILD_DIR;
				GCC_ENABLE_FIX_AND_CONTINUE = NO;
				PRODUCT_NAME = Tests;
				ZERO_LINK = NO;
			};
			name = Release;
		};
		F5FC28EB10A649D000EFB922 /* Debug */ = {
			isa = XCBuildConfiguration;
			buildSettings = {
				COPY_PHASE_STRIP = NO;
				DOCSET_BUNDLE_ID = "$(BUNDLE_ID_PREFIX).$(PROJECT_NAME)";
				DOCSET_FEEDNAME = "$(PROJECT_NAME) Framework";
				DOCSET_INFO_PLIST = "Resource/DocSet-Info.plist";
				DOXYCLEAN = "$(SRCROOT)/Documentation/doxyclean";
				DOXYGEN_PATH = /Applications/Doxygen.app/Contents/Resources/doxygen;
				EXCLUDE_PATTERNS = "*Test*";
				EXCLUDE_SYMBOLS = "GIT*Placeholder GITPackFileVersion* GITPackIndexVersion*";
				GCC_DYNAMIC_NO_PIC = NO;
				GCC_OPTIMIZATION_LEVEL = 0;
				INPUT_DIRECTORY = "$(SRCROOT)/Source";
				INTERNAL_DOCS = YES;
				OUTPUT_DIRECTORY = "$(SRCROOT)/Documentation";
				PRODUCT_NAME = Documentation;
			};
			name = Debug;
		};
		F5FC28EC10A649D000EFB922 /* Release */ = {
			isa = XCBuildConfiguration;
			buildSettings = {
				COPY_PHASE_STRIP = YES;
				DEBUG_INFORMATION_FORMAT = "dwarf-with-dsym";
				DOCSET_BUNDLE_ID = "$(BUNDLE_ID_PREFIX).$(PROJECT_NAME)";
				DOCSET_FEEDNAME = "$(PROJECT_NAME) Framework";
				DOCSET_INFO_PLIST = "Resource/DocSet-Info.plist";
				DOXYCLEAN = "$(SRCROOT)/Documentation/doxyclean";
				DOXYGEN_PATH = /Applications/Doxygen.app/Contents/Resources/doxygen;
				EXCLUDE_PATTERNS = "*Test*";
				EXCLUDE_SYMBOLS = "GIT*Placeholder GITPackFileVersion* GITPackIndexVersion*";
				GCC_ENABLE_FIX_AND_CONTINUE = NO;
				INPUT_DIRECTORY = "$(SRCROOT)/Source";
				INTERNAL_DOCS = NO;
				OUTPUT_DIRECTORY = "$(SRCROOT)/Documentation";
				PRODUCT_NAME = Documentation;
				ZERO_LINK = NO;
			};
			name = Release;
		};
/* End XCBuildConfiguration section */

/* Begin XCConfigurationList section */
		1DEB91AD08733DA50010E9CD /* Build configuration list for PBXNativeTarget "Git" */ = {
			isa = XCConfigurationList;
			buildConfigurations = (
				1DEB91AE08733DA50010E9CD /* Debug */,
				1DEB91AF08733DA50010E9CD /* Release */,
			);
			defaultConfigurationIsVisible = 0;
			defaultConfigurationName = Release;
		};
		1DEB91B108733DA50010E9CD /* Build configuration list for PBXProject "Git" */ = {
			isa = XCConfigurationList;
			buildConfigurations = (
				1DEB91B208733DA50010E9CD /* Debug */,
				1DEB91B308733DA50010E9CD /* Release */,
			);
			defaultConfigurationIsVisible = 0;
			defaultConfigurationName = Release;
		};
		F54022571180DB790039933F /* Build configuration list for PBXNativeTarget "libGit" */ = {
			isa = XCConfigurationList;
			buildConfigurations = (
				F54022551180DB370039933F /* Debug */,
				F54022561180DB370039933F /* Release */,
			);
			defaultConfigurationIsVisible = 0;
			defaultConfigurationName = Release;
		};
		F5BBC1811062EF5E00EF21A8 /* Build configuration list for PBXAggregateTarget "Tests" */ = {
			isa = XCConfigurationList;
			buildConfigurations = (
				F5BBC17C1062EF1000EF21A8 /* Debug */,
				F5BBC17D1062EF1000EF21A8 /* Release */,
			);
			defaultConfigurationIsVisible = 0;
			defaultConfigurationName = Release;
		};
		F5FC28ED10A649EE00EFB922 /* Build configuration list for PBXAggregateTarget "Documentation" */ = {
			isa = XCConfigurationList;
			buildConfigurations = (
				F5FC28EB10A649D000EFB922 /* Debug */,
				F5FC28EC10A649D000EFB922 /* Release */,
			);
			defaultConfigurationIsVisible = 0;
			defaultConfigurationName = Release;
		};
/* End XCConfigurationList section */
	};
	rootObject = 0867D690FE84028FC02AAC07 /* Project object */;
}
